// !$*UTF8*$!
{
	archiveVersion = 1;
	classes = {
	};
	objectVersion = 60;
	objects = {

/* Begin PBXBuildFile section */
		5E0405A72DA0CFF300C3B312 /* RoyalVNCKit in Frameworks */ = {isa = PBXBuildFile; productRef = 5E0405A62DA0CFF300C3B312 /* RoyalVNCKit */; };
		7F7A93ED05E71B5C00E20416 /* d3des.h in Headers */ = {isa = PBXBuildFile; fileRef = F5DC71AD033DB4A801A8010C /* d3des.h */; };
		7F7A93FA05E71B5C00E20416 /* Profile.h in Headers */ = {isa = PBXBuildFile; fileRef = F5DC71D5033DB4A801A8010C /* Profile.h */; };
		7F7A93FB05E71B5C00E20416 /* ProfileManager.h in Headers */ = {isa = PBXBuildFile; fileRef = F5DC71D7033DB4A801A8010C /* ProfileManager.h */; };
		7F7A93FE05E71B5C00E20416 /* RFBConnection.h in Headers */ = {isa = PBXBuildFile; fileRef = F5DC71DD033DB4A801A8010C /* RFBConnection.h */; };
		7F7A93FF05E71B5C00E20416 /* RFBConnectionManager.h in Headers */ = {isa = PBXBuildFile; fileRef = F5DC71DF033DB4A801A8010C /* RFBConnectionManager.h */; };
		7F7A940105E71B5C00E20416 /* rfbproto.h in Headers */ = {isa = PBXBuildFile; fileRef = F5DC71E3033DB4A801A8010C /* rfbproto.h */; };
		7F7A940B05E71B5C00E20416 /* vncauth.h in Headers */ = {isa = PBXBuildFile; fileRef = F5DC71F8033DB4A801A8010C /* vncauth.h */; };
		7F7A941105E71B5C00E20416 /* debug.h in Headers */ = {isa = PBXBuildFile; fileRef = F5F2D5A603B3C93B01150DB1 /* debug.h */; };
		7F7A941205E71B5C00E20416 /* KeyChain.h in Headers */ = {isa = PBXBuildFile; fileRef = E2F48D74040EDD2200BD55BA /* KeyChain.h */; };
		7F7A941305E71B5C00E20416 /* IServerData.h in Headers */ = {isa = PBXBuildFile; fileRef = 7FC6DF2705C315C20028A970 /* IServerData.h */; };
		7F7A941405E71B5C00E20416 /* ServerFromPrefs.h in Headers */ = {isa = PBXBuildFile; fileRef = 7FC6DF6705C31AF50028A970 /* ServerFromPrefs.h */; };
		7F7A941605E71B5C00E20416 /* ServerDataManager.h in Headers */ = {isa = PBXBuildFile; fileRef = 7F088F2405E1D81100336456 /* ServerDataManager.h */; };
		7F7A941B05E71B5C00E20416 /* icon.icns in Resources */ = {isa = PBXBuildFile; fileRef = F5DC7177033DB40D01A8010C /* icon.icns */; };
		7F7A941C05E71B5C00E20416 /* rfbCursor3.tiff in Resources */ = {isa = PBXBuildFile; fileRef = F5DC7178033DB40D01A8010C /* rfbCursor3.tiff */; };
		7F7A941F05E71B5C00E20416 /* rfbCursor2.tiff in Resources */ = {isa = PBXBuildFile; fileRef = F5DC717B033DB40D01A8010C /* rfbCursor2.tiff */; };
		7F7A942005E71B5C00E20416 /* rfbCursor.tiff in Resources */ = {isa = PBXBuildFile; fileRef = F5DC717C033DB40D01A8010C /* rfbCursor.tiff */; };
		7F7A942105E71B5C00E20416 /* RFBConnection.xib in Resources */ = {isa = PBXBuildFile; fileRef = F5DC7185033DB44301A8010C /* RFBConnection.xib */; };
		7F7A942205E71B5C00E20416 /* OSX_RFBViewer.xib in Resources */ = {isa = PBXBuildFile; fileRef = F5DC7187033DB44301A8010C /* OSX_RFBViewer.xib */; };
		7F7A942F05E71B5C00E20416 /* d3des.c in Sources */ = {isa = PBXBuildFile; fileRef = F5DC71AC033DB4A801A8010C /* d3des.c */; };
		7F7A943B05E71B5C00E20416 /* Profile.m in Sources */ = {isa = PBXBuildFile; fileRef = F5DC71D6033DB4A801A8010C /* Profile.m */; };
		7F7A943C05E71B5C00E20416 /* ProfileManager.m in Sources */ = {isa = PBXBuildFile; fileRef = F5DC71D8033DB4A801A8010C /* ProfileManager.m */; };
		7F7A943F05E71B5C00E20416 /* RFBConnection.m in Sources */ = {isa = PBXBuildFile; fileRef = F5DC71DE033DB4A801A8010C /* RFBConnection.m */; };
		7F7A944005E71B5C00E20416 /* RFBConnectionManager.m in Sources */ = {isa = PBXBuildFile; fileRef = F5DC71E0033DB4A801A8010C /* RFBConnectionManager.m */; };
		7F7A944B05E71B5C00E20416 /* vncauth.c in Sources */ = {isa = PBXBuildFile; fileRef = F5DC71F7033DB4A801A8010C /* vncauth.c */; };
		7F7A944C05E71B5C00E20416 /* VNCViewer_main.m in Sources */ = {isa = PBXBuildFile; fileRef = F5DC71F9033DB4A801A8010C /* VNCViewer_main.m */; };
		7F7A945205E71B5C00E20416 /* debug.m in Sources */ = {isa = PBXBuildFile; fileRef = F5F2D5A703B3C93B01150DB1 /* debug.m */; };
		7F7A945305E71B5C00E20416 /* KeyChain.m in Sources */ = {isa = PBXBuildFile; fileRef = E2F48D75040EDD2200BD55BA /* KeyChain.m */; };
		7F7A945405E71B5C00E20416 /* ServerFromPrefs.m in Sources */ = {isa = PBXBuildFile; fileRef = 7FC6DF6805C31AF50028A970 /* ServerFromPrefs.m */; };
		7F7A945605E71B5C00E20416 /* ServerDataManager.m in Sources */ = {isa = PBXBuildFile; fileRef = 7F088F2505E1D81100336456 /* ServerDataManager.m */; };
		7F7A945905E71B5C00E20416 /* Cocoa.framework in Frameworks */ = {isa = PBXBuildFile; fileRef = 1058C7A1FEA54F0111CA2CBB /* Cocoa.framework */; };
		7F7A945B05E71B5C00E20416 /* Carbon.framework in Frameworks */ = {isa = PBXBuildFile; fileRef = E2F48D78040EDD5100BD55BA /* Carbon.framework */; };
		7F7DE7D6080F39DF006BF1DF /* ServerStandAlone.h in Headers */ = {isa = PBXBuildFile; fileRef = 7F7DE7D4080F39DF006BF1DF /* ServerStandAlone.h */; };
		7F7DE7D7080F39DF006BF1DF /* ServerStandAlone.m in Sources */ = {isa = PBXBuildFile; fileRef = 7F7DE7D5080F39DF006BF1DF /* ServerStandAlone.m */; };
		7FB3EA1B0804E758003757C9 /* URLHandlerCommand.h in Headers */ = {isa = PBXBuildFile; fileRef = 7F088F2805E1DA4800336456 /* URLHandlerCommand.h */; };
		7FB3EA1C0804E75E003757C9 /* URLHandlerCommand.m in Sources */ = {isa = PBXBuildFile; fileRef = 7F088F2905E1DA4800336456 /* URLHandlerCommand.m */; };
		7FB3EA8D0804ECDB003757C9 /* CotVNC.scriptTerminology in Resources */ = {isa = PBXBuildFile; fileRef = 7FF0C9A705CDC9A0008E39DD /* CotVNC.scriptTerminology */; };
		7FB3EA8E0804ECE0003757C9 /* CotVNC.scriptSuite in Resources */ = {isa = PBXBuildFile; fileRef = 7FF0C9A305CDBDCE008E39DD /* CotVNC.scriptSuite */; };
		7FB6A8D1068AB5E3005E5E49 /* ServerFromRendezvous.h in Headers */ = {isa = PBXBuildFile; fileRef = 7FC6DF6D05C31B0D0028A970 /* ServerFromRendezvous.h */; };
		7FB6A8D2068AB5E7005E5E49 /* ServerFromRendezvous.m in Sources */ = {isa = PBXBuildFile; fileRef = 7FC6DF6E05C31B0D0028A970 /* ServerFromRendezvous.m */; };
		7FBB0A6A05F5BC9700F716C4 /* ServerDataViewController.h in Headers */ = {isa = PBXBuildFile; fileRef = 7FBB0A6605F5BC9700F716C4 /* ServerDataViewController.h */; };
		7FBB0A6B05F5BC9700F716C4 /* ServerDataViewController.m in Sources */ = {isa = PBXBuildFile; fileRef = 7FBB0A6705F5BC9700F716C4 /* ServerDataViewController.m */; };
		7FD35C1A06CC583A00648090 /* ProfileDataManager.h in Headers */ = {isa = PBXBuildFile; fileRef = 7FD35C1806CC583A00648090 /* ProfileDataManager.h */; };
		7FD35C1B06CC583A00648090 /* ProfileDataManager.m in Sources */ = {isa = PBXBuildFile; fileRef = 7FD35C1906CC583A00648090 /* ProfileDataManager.m */; };
		7FFA8FEB062BA6330008D381 /* ServerBase.h in Headers */ = {isa = PBXBuildFile; fileRef = 7FFA8FE9062BA6330008D381 /* ServerBase.h */; };
		7FFA8FEC062BA6330008D381 /* ServerBase.m in Sources */ = {isa = PBXBuildFile; fileRef = 7FFA8FEA062BA6330008D381 /* ServerBase.m */; };
		7FFA903D062BA74F0008D381 /* ServerDisplay.xib in Resources */ = {isa = PBXBuildFile; fileRef = 7FFA903B062BA74F0008D381 /* ServerDisplay.xib */; };
		8A5828462FAA24D700A4E226 /* Localizable.xcstrings in Resources */ = {isa = PBXBuildFile; fileRef = 8A5828452FAA24D700A4E226 /* Localizable.xcstrings */; };
		DA1FD8C512D5100400632D78 /* PersistentServer.h in Headers */ = {isa = PBXBuildFile; fileRef = DA1FD8C312D5100400632D78 /* PersistentServer.h */; };
		DA1FD8C612D5100400632D78 /* PersistentServer.m in Sources */ = {isa = PBXBuildFile; fileRef = DA1FD8C412D5100400632D78 /* PersistentServer.m */; };
		DA1FDD9212D6B1A000632D78 /* Security.framework in Frameworks */ = {isa = PBXBuildFile; fileRef = DA1FDD9112D6B1A000632D78 /* Security.framework */; };
		DA22199916BC615600410C5A /* CommandLineConnection.h in Headers */ = {isa = PBXBuildFile; fileRef = DA22199716BC615600410C5A /* CommandLineConnection.h */; };
		DA22199A16BC615600410C5A /* CommandLineConnection.m in Sources */ = {isa = PBXBuildFile; fileRef = DA22199816BC615600410C5A /* CommandLineConnection.m */; };
		DA231DF612BD562100D3AD44 /* Keymap.h in Headers */ = {isa = PBXBuildFile; fileRef = DA231DF512BD562100D3AD44 /* Keymap.h */; };
		DA335CCF12DA4A6C00C70987 /* Session.h in Headers */ = {isa = PBXBuildFile; fileRef = DA335CCD12DA4A6C00C70987 /* Session.h */; };
		DA335CD012DA4A6C00C70987 /* Session.m in Sources */ = {isa = PBXBuildFile; fileRef = DA335CCE12DA4A6C00C70987 /* Session.m */; };
		DA68E53211E7867500F23347 /* ConnectionWaiter.h in Headers */ = {isa = PBXBuildFile; fileRef = DA68E53011E7867500F23347 /* ConnectionWaiter.h */; };
		DA68E53311E7867500F23347 /* ConnectionWaiter.m in Sources */ = {isa = PBXBuildFile; fileRef = DA68E53111E7867500F23347 /* ConnectionWaiter.m */; };
		DA78379912DE159800F1893E /* SshWaiter.h in Headers */ = {isa = PBXBuildFile; fileRef = DA78379712DE159800F1893E /* SshWaiter.h */; };
		DA78379A12DE159800F1893E /* SshWaiter.m in Sources */ = {isa = PBXBuildFile; fileRef = DA78379812DE159800F1893E /* SshWaiter.m */; };
		DAA856D116B8717100A40AB5 /* DockConnection.h in Headers */ = {isa = PBXBuildFile; fileRef = DAA856CF16B8717100A40AB5 /* DockConnection.h */; };
		DAA856D216B8717100A40AB5 /* DockConnection.m in Sources */ = {isa = PBXBuildFile; fileRef = DAA856D016B8717100A40AB5 /* DockConnection.m */; };
		DAC8077E12FEC38400C4ADB6 /* ssh-helper.sh in Resources */ = {isa = PBXBuildFile; fileRef = DAC8077D12FEC38400C4ADB6 /* ssh-helper.sh */; };
		DAD6DEE112DCF37A001FD9D6 /* AuthPrompt.h in Headers */ = {isa = PBXBuildFile; fileRef = DAD6DEDF12DCF37A001FD9D6 /* AuthPrompt.h */; };
		DAD6DEE212DCF37A001FD9D6 /* AuthPrompt.m in Sources */ = {isa = PBXBuildFile; fileRef = DAD6DEE012DCF37A001FD9D6 /* AuthPrompt.m */; };
		DAD6DEEA12DCF4A3001FD9D6 /* AuthPrompt.xib in Resources */ = {isa = PBXBuildFile; fileRef = DAD6DEE812DCF4A3001FD9D6 /* AuthPrompt.xib */; };
		DAD6DEFE12DCF583001FD9D6 /* SshTunnel.h in Headers */ = {isa = PBXBuildFile; fileRef = DAD6DEFC12DCF583001FD9D6 /* SshTunnel.h */; };
		DAD6DEFF12DCF583001FD9D6 /* SshTunnel.m in Sources */ = {isa = PBXBuildFile; fileRef = DAD6DEFD12DCF583001FD9D6 /* SshTunnel.m */; };
		DAEB76F21232AE3500002E6A /* Keymap.m in Sources */ = {isa = PBXBuildFile; fileRef = DAEB76F11232AE3400002E6A /* Keymap.m */; };
		E21FE449062B79AB0059585C /* KeyEquivalentScenario.m in Sources */ = {isa = PBXBuildFile; fileRef = E21FE43D062B79AB0059585C /* KeyEquivalentScenario.m */; };
		E21FE44A062B79AB0059585C /* KeyEquivalentEntry.h in Headers */ = {isa = PBXBuildFile; fileRef = E21FE43E062B79AB0059585C /* KeyEquivalentEntry.h */; };
		E21FE44B062B79AB0059585C /* KeyEquivalent.m in Sources */ = {isa = PBXBuildFile; fileRef = E21FE43F062B79AB0059585C /* KeyEquivalent.m */; };
		E21FE44C062B79AB0059585C /* KeyEquivalent.h in Headers */ = {isa = PBXBuildFile; fileRef = E21FE440062B79AB0059585C /* KeyEquivalent.h */; };
		E21FE44D062B79AB0059585C /* KeyEquivalentEntry.m in Sources */ = {isa = PBXBuildFile; fileRef = E21FE441062B79AB0059585C /* KeyEquivalentEntry.m */; };
		E21FE44E062B79AB0059585C /* KeyEquivalentManager.m in Sources */ = {isa = PBXBuildFile; fileRef = E21FE442062B79AB0059585C /* KeyEquivalentManager.m */; };
		E21FE44F062B79AB0059585C /* KeyEquivalentPrefsController.h in Headers */ = {isa = PBXBuildFile; fileRef = E21FE443062B79AB0059585C /* KeyEquivalentPrefsController.h */; };
		E21FE450062B79AB0059585C /* KeyEquivalentTextView.h in Headers */ = {isa = PBXBuildFile; fileRef = E21FE444062B79AB0059585C /* KeyEquivalentTextView.h */; };
		E21FE451062B79AB0059585C /* KeyEquivalentTextView.m in Sources */ = {isa = PBXBuildFile; fileRef = E21FE445062B79AB0059585C /* KeyEquivalentTextView.m */; };
		E21FE452062B79AB0059585C /* KeyEquivalentScenario.h in Headers */ = {isa = PBXBuildFile; fileRef = E21FE446062B79AB0059585C /* KeyEquivalentScenario.h */; };
		E21FE453062B79AB0059585C /* KeyEquivalentPrefsController.m in Sources */ = {isa = PBXBuildFile; fileRef = E21FE447062B79AB0059585C /* KeyEquivalentPrefsController.m */; };
		E21FE454062B79AB0059585C /* KeyEquivalentManager.h in Headers */ = {isa = PBXBuildFile; fileRef = E21FE448062B79AB0059585C /* KeyEquivalentManager.h */; };
		E291FA1508815A950061216E /* EventFilter.h in Headers */ = {isa = PBXBuildFile; fileRef = E291FA1308815A950061216E /* EventFilter.h */; };
		E291FAD5088161DA0061216E /* cursors.plist in Resources */ = {isa = PBXBuildFile; fileRef = E291FAD4088161DA0061216E /* cursors.plist */; };
		E291FB1B088168BB0061216E /* EventFilter.m in Sources */ = {isa = PBXBuildFile; fileRef = E291FA1408815A950061216E /* EventFilter.m */; };
		E291FB23088168E20061216E /* QueuedEvent.h in Headers */ = {isa = PBXBuildFile; fileRef = E291FB21088168E20061216E /* QueuedEvent.h */; };
		E291FB24088168E20061216E /* QueuedEvent.m in Sources */ = {isa = PBXBuildFile; fileRef = E291FB22088168E20061216E /* QueuedEvent.m */; };
		E2929DD507675DE800190669 /* MyApp.h in Headers */ = {isa = PBXBuildFile; fileRef = E2929DD307675DE800190669 /* MyApp.h */; };
		E2929DD607675DE800190669 /* MyApp.m in Sources */ = {isa = PBXBuildFile; fileRef = E2929DD407675DE800190669 /* MyApp.m */; };
		E2B083E20763AA7D00CE24C1 /* ServerFromConnection.m in Sources */ = {isa = PBXBuildFile; fileRef = E2B083E00763AA7D00CE24C1 /* ServerFromConnection.m */; };
		E2B083E30763AA7D00CE24C1 /* ServerFromConnection.h in Headers */ = {isa = PBXBuildFile; fileRef = E2B083E10763AA7D00CE24C1 /* ServerFromConnection.h */; };
		E2B083EF0763AA9A00CE24C1 /* ListenerController.h in Headers */ = {isa = PBXBuildFile; fileRef = E2B083ED0763AA9A00CE24C1 /* ListenerController.h */; };
		E2B083F00763AA9A00CE24C1 /* ListenerController.m in Sources */ = {isa = PBXBuildFile; fileRef = E2B083EE0763AA9A00CE24C1 /* ListenerController.m */; };
		E2B083F90763AAC200CE24C1 /* ListenDialog.xib in Resources */ = {isa = PBXBuildFile; fileRef = E2B083F70763AAC200CE24C1 /* ListenDialog.xib */; };
		E2CA651806DA451600B70BDF /* help in Resources */ = {isa = PBXBuildFile; fileRef = E2CA650906DA451500B70BDF /* help */; };
		E2F3A2CB06D44755005EB917 /* PrefController.h in Headers */ = {isa = PBXBuildFile; fileRef = E2F3A2C906D44755005EB917 /* PrefController.h */; };
		E2F3A2CC06D44755005EB917 /* PrefController.m in Sources */ = {isa = PBXBuildFile; fileRef = E2F3A2CA06D44755005EB917 /* PrefController.m */; };
		E2F3A2E506D4483D005EB917 /* AppDelegate.h in Headers */ = {isa = PBXBuildFile; fileRef = E2F3A2E306D4483D005EB917 /* AppDelegate.h */; };
		E2F3A2E606D4483D005EB917 /* AppDelegate.m in Sources */ = {isa = PBXBuildFile; fileRef = E2F3A2E406D4483D005EB917 /* AppDelegate.m */; };
		E2F3A34006D44E0E005EB917 /* Preferences.xib in Resources */ = {isa = PBXBuildFile; fileRef = E2F3A33E06D44E0E005EB917 /* Preferences.xib */; };
		E2F3A3B406D45C7B005EB917 /* PrefController_private.h in Headers */ = {isa = PBXBuildFile; fileRef = E2F3A3B206D45C7B005EB917 /* PrefController_private.h */; };
		E2F3A3B506D45C7B005EB917 /* PrefController_private.m in Sources */ = {isa = PBXBuildFile; fileRef = E2F3A3B306D45C7B005EB917 /* PrefController_private.m */; };
		E2F3A7E806D4A687005EB917 /* ConnectionDialog.xib in Resources */ = {isa = PBXBuildFile; fileRef = E2F3A7E606D4A687005EB917 /* ConnectionDialog.xib */; };
		E2F3A99E06D4BFD8005EB917 /* ProfileManager.xib in Resources */ = {isa = PBXBuildFile; fileRef = E2F3A99C06D4BFD8005EB917 /* ProfileManager.xib */; };
		E2F3AB0406D5B86A005EB917 /* ProfileManager_private.h in Headers */ = {isa = PBXBuildFile; fileRef = E2F3AB0206D5B86A005EB917 /* ProfileManager_private.h */; };
		E2F3AB0506D5B86A005EB917 /* ProfileManager_private.m in Sources */ = {isa = PBXBuildFile; fileRef = E2F3AB0306D5B86A005EB917 /* ProfileManager_private.m */; };
		E2F3AD7106D5E11D005EB917 /* NSObject_Chicken.h in Headers */ = {isa = PBXBuildFile; fileRef = E2F3AD6F06D5E11D005EB917 /* NSObject_Chicken.h */; };
		E2F3AD7206D5E11D005EB917 /* NSObject_Chicken.m in Sources */ = {isa = PBXBuildFile; fileRef = E2F3AD7006D5E11D005EB917 /* NSObject_Chicken.m */; };
/* End PBXBuildFile section */

/* Begin PBXCopyFilesBuildPhase section */
		DA36490A1293A27900FB8272 /* CopyFiles */ = {
			isa = PBXCopyFilesBuildPhase;
			buildActionMask = 2147483647;
			dstPath = "";
			dstSubfolderSpec = 10;
			files = (
			);
			runOnlyForDeploymentPostprocessing = 0;
		};
/* End PBXCopyFilesBuildPhase section */

/* Begin PBXFileReference section */
		1058C7A1FEA54F0111CA2CBB /* Cocoa.framework */ = {isa = PBXFileReference; lastKnownFileType = wrapper.framework; name = Cocoa.framework; path = /System/Library/Frameworks/Cocoa.framework; sourceTree = "<absolute>"; };
		7F088F2405E1D81100336456 /* ServerDataManager.h */ = {isa = PBXFileReference; fileEncoding = 30; lastKnownFileType = sourcecode.c.h; path = ServerDataManager.h; sourceTree = "<group>"; };
		7F088F2505E1D81100336456 /* ServerDataManager.m */ = {isa = PBXFileReference; fileEncoding = 30; lastKnownFileType = sourcecode.c.objc; path = ServerDataManager.m; sourceTree = "<group>"; };
		7F088F2805E1DA4800336456 /* URLHandlerCommand.h */ = {isa = PBXFileReference; fileEncoding = 30; lastKnownFileType = sourcecode.c.h; path = URLHandlerCommand.h; sourceTree = "<group>"; };
		7F088F2905E1DA4800336456 /* URLHandlerCommand.m */ = {isa = PBXFileReference; fileEncoding = 30; lastKnownFileType = sourcecode.c.objc; path = URLHandlerCommand.m; sourceTree = "<group>"; };
		7F7DE7D4080F39DF006BF1DF /* ServerStandAlone.h */ = {isa = PBXFileReference; fileEncoding = 30; lastKnownFileType = sourcecode.c.h; path = ServerStandAlone.h; sourceTree = "<group>"; };
		7F7DE7D5080F39DF006BF1DF /* ServerStandAlone.m */ = {isa = PBXFileReference; fileEncoding = 30; lastKnownFileType = sourcecode.c.objc; path = ServerStandAlone.m; sourceTree = "<group>"; };
		7FBB0A6605F5BC9700F716C4 /* ServerDataViewController.h */ = {isa = PBXFileReference; fileEncoding = 30; lastKnownFileType = sourcecode.c.h; path = ServerDataViewController.h; sourceTree = "<group>"; };
		7FBB0A6705F5BC9700F716C4 /* ServerDataViewController.m */ = {isa = PBXFileReference; fileEncoding = 30; lastKnownFileType = sourcecode.c.objc; path = ServerDataViewController.m; sourceTree = "<group>"; };
		7FC6DF2705C315C20028A970 /* IServerData.h */ = {isa = PBXFileReference; fileEncoding = 4; lastKnownFileType = sourcecode.c.h; path = IServerData.h; sourceTree = "<group>"; };
		7FC6DF6705C31AF50028A970 /* ServerFromPrefs.h */ = {isa = PBXFileReference; fileEncoding = 4; lastKnownFileType = sourcecode.c.h; path = ServerFromPrefs.h; sourceTree = "<group>"; };
		7FC6DF6805C31AF50028A970 /* ServerFromPrefs.m */ = {isa = PBXFileReference; fileEncoding = 4; lastKnownFileType = sourcecode.c.objc; path = ServerFromPrefs.m; sourceTree = "<group>"; };
		7FC6DF6D05C31B0D0028A970 /* ServerFromRendezvous.h */ = {isa = PBXFileReference; fileEncoding = 4; lastKnownFileType = sourcecode.c.h; path = ServerFromRendezvous.h; sourceTree = "<group>"; };
		7FC6DF6E05C31B0D0028A970 /* ServerFromRendezvous.m */ = {isa = PBXFileReference; fileEncoding = 4; lastKnownFileType = sourcecode.c.objc; path = ServerFromRendezvous.m; sourceTree = "<group>"; };
		7FD35C1806CC583A00648090 /* ProfileDataManager.h */ = {isa = PBXFileReference; fileEncoding = 30; lastKnownFileType = sourcecode.c.h; path = ProfileDataManager.h; sourceTree = "<group>"; };
		7FD35C1906CC583A00648090 /* ProfileDataManager.m */ = {isa = PBXFileReference; fileEncoding = 30; lastKnownFileType = sourcecode.c.objc; path = ProfileDataManager.m; sourceTree = "<group>"; };
		7FD66F5805E9E2B500229E5C /* Chicken.app */ = {isa = PBXFileReference; explicitFileType = wrapper.application; includeInIndex = 0; path = Chicken.app; sourceTree = BUILT_PRODUCTS_DIR; };
		7FF0C9A305CDBDCE008E39DD /* CotVNC.scriptSuite */ = {isa = PBXFileReference; fileEncoding = 4; lastKnownFileType = text.plist.scriptSuite; name = CotVNC.scriptSuite; path = Resources/CotVNC.scriptSuite; sourceTree = SOURCE_ROOT; };
		7FF0C9A705CDC9A0008E39DD /* CotVNC.scriptTerminology */ = {isa = PBXFileReference; fileEncoding = 4; lastKnownFileType = text.plist.scriptTerminology; name = CotVNC.scriptTerminology; path = Resources/CotVNC.scriptTerminology; sourceTree = SOURCE_ROOT; };
		7FFA8FE9062BA6330008D381 /* ServerBase.h */ = {isa = PBXFileReference; fileEncoding = 30; lastKnownFileType = sourcecode.c.h; path = ServerBase.h; sourceTree = "<group>"; };
		7FFA8FEA062BA6330008D381 /* ServerBase.m */ = {isa = PBXFileReference; fileEncoding = 30; lastKnownFileType = sourcecode.c.objc; path = ServerBase.m; sourceTree = "<group>"; };
		8A5828452FAA24D700A4E226 /* Localizable.xcstrings */ = {isa = PBXFileReference; lastKnownFileType = text.json.xcstrings; name = Localizable.xcstrings; path = Resources/Localizable.xcstrings; sourceTree = "<group>"; };
		8AC541EB2413D92700B6450B /* Base */ = {isa = PBXFileReference; lastKnownFileType = file.xib; name = Base; path = Resources/Base.lproj/AuthPrompt.xib; sourceTree = "<group>"; };
		8AC541EC2413D92700B6450B /* Base */ = {isa = PBXFileReference; lastKnownFileType = file.xib; name = Base; path = Resources/Base.lproj/ConnectionDialog.xib; sourceTree = "<group>"; };
		8AC541ED2413D92700B6450B /* Base */ = {isa = PBXFileReference; lastKnownFileType = file.xib; name = Base; path = Resources/Base.lproj/ListenDialog.xib; sourceTree = "<group>"; };
		8AC541EE2413D92700B6450B /* Base */ = {isa = PBXFileReference; lastKnownFileType = file.xib; name = Base; path = Resources/Base.lproj/Preferences.xib; sourceTree = "<group>"; };
		8AC541EF2413D92700B6450B /* Base */ = {isa = PBXFileReference; lastKnownFileType = file.xib; name = Base; path = Resources/Base.lproj/ProfileManager.xib; sourceTree = "<group>"; };
		8AC541F02413D92700B6450B /* Base */ = {isa = PBXFileReference; lastKnownFileType = file.xib; name = Base; path = Resources/Base.lproj/OSX_RFBViewer.xib; sourceTree = "<group>"; };
		8AC541F12413D92700B6450B /* Base */ = {isa = PBXFileReference; lastKnownFileType = file.xib; name = Base; path = Resources/Base.lproj/RFBConnection.xib; sourceTree = "<group>"; };
		8AC541F22413D92700B6450B /* Base */ = {isa = PBXFileReference; lastKnownFileType = file.xib; name = Base; path = Resources/Base.lproj/ServerDisplay.xib; sourceTree = "<group>"; };
		DA1FD8C312D5100400632D78 /* PersistentServer.h */ = {isa = PBXFileReference; fileEncoding = 4; lastKnownFileType = sourcecode.c.h; path = PersistentServer.h; sourceTree = "<group>"; };
		DA1FD8C412D5100400632D78 /* PersistentServer.m */ = {isa = PBXFileReference; fileEncoding = 4; lastKnownFileType = sourcecode.c.objc; path = PersistentServer.m; sourceTree = "<group>"; };
		DA1FDD9112D6B1A000632D78 /* Security.framework */ = {isa = PBXFileReference; lastKnownFileType = wrapper.framework; name = Security.framework; path = /System/Library/Frameworks/Security.framework; sourceTree = "<absolute>"; };
		DA22199716BC615600410C5A /* CommandLineConnection.h */ = {isa = PBXFileReference; fileEncoding = 4; lastKnownFileType = sourcecode.c.h; path = CommandLineConnection.h; sourceTree = "<group>"; };
		DA22199816BC615600410C5A /* CommandLineConnection.m */ = {isa = PBXFileReference; fileEncoding = 4; lastKnownFileType = sourcecode.c.objc; path = CommandLineConnection.m; sourceTree = "<group>"; };
		DA231DF512BD562100D3AD44 /* Keymap.h */ = {isa = PBXFileReference; fileEncoding = 4; lastKnownFileType = sourcecode.c.h; path = Keymap.h; sourceTree = "<group>"; };
		DA335CCD12DA4A6C00C70987 /* Session.h */ = {isa = PBXFileReference; fileEncoding = 4; lastKnownFileType = sourcecode.c.h; path = Session.h; sourceTree = "<group>"; };
		DA335CCE12DA4A6C00C70987 /* Session.m */ = {isa = PBXFileReference; fileEncoding = 4; lastKnownFileType = sourcecode.c.objc; path = Session.m; sourceTree = "<group>"; };
		DA68E53011E7867500F23347 /* ConnectionWaiter.h */ = {isa = PBXFileReference; fileEncoding = 4; lastKnownFileType = sourcecode.c.h; path = ConnectionWaiter.h; sourceTree = "<group>"; };
		DA68E53111E7867500F23347 /* ConnectionWaiter.m */ = {isa = PBXFileReference; fileEncoding = 4; lastKnownFileType = sourcecode.c.objc; path = ConnectionWaiter.m; sourceTree = "<group>"; };
		DA78379712DE159800F1893E /* SshWaiter.h */ = {isa = PBXFileReference; fileEncoding = 4; lastKnownFileType = sourcecode.c.h; path = SshWaiter.h; sourceTree = "<group>"; };
		DA78379812DE159800F1893E /* SshWaiter.m */ = {isa = PBXFileReference; fileEncoding = 4; lastKnownFileType = sourcecode.c.objc; path = SshWaiter.m; sourceTree = "<group>"; };
		DAA856CF16B8717100A40AB5 /* DockConnection.h */ = {isa = PBXFileReference; fileEncoding = 4; lastKnownFileType = sourcecode.c.h; path = DockConnection.h; sourceTree = "<group>"; };
		DAA856D016B8717100A40AB5 /* DockConnection.m */ = {isa = PBXFileReference; fileEncoding = 4; lastKnownFileType = sourcecode.c.objc; path = DockConnection.m; sourceTree = "<group>"; };
		DAC8077D12FEC38400C4ADB6 /* ssh-helper.sh */ = {isa = PBXFileReference; fileEncoding = 4; lastKnownFileType = text.script.sh; name = "ssh-helper.sh"; path = "Resources/ssh-helper.sh"; sourceTree = "<group>"; };
		DAD6DEDF12DCF37A001FD9D6 /* AuthPrompt.h */ = {isa = PBXFileReference; fileEncoding = 4; lastKnownFileType = sourcecode.c.h; path = AuthPrompt.h; sourceTree = "<group>"; };
		DAD6DEE012DCF37A001FD9D6 /* AuthPrompt.m */ = {isa = PBXFileReference; fileEncoding = 4; lastKnownFileType = sourcecode.c.objc; path = AuthPrompt.m; sourceTree = "<group>"; };
		DAD6DEFC12DCF583001FD9D6 /* SshTunnel.h */ = {isa = PBXFileReference; fileEncoding = 4; lastKnownFileType = sourcecode.c.h; path = SshTunnel.h; sourceTree = "<group>"; };
		DAD6DEFD12DCF583001FD9D6 /* SshTunnel.m */ = {isa = PBXFileReference; fileEncoding = 4; lastKnownFileType = sourcecode.c.objc; path = SshTunnel.m; sourceTree = "<group>"; };
		DAEB76F11232AE3400002E6A /* Keymap.m */ = {isa = PBXFileReference; fileEncoding = 4; lastKnownFileType = sourcecode.c.objc; path = Keymap.m; sourceTree = "<group>"; };
		E21FE256062B6C8D0059585C /* Info.plist */ = {isa = PBXFileReference; fileEncoding = 4; lastKnownFileType = text.plist.xml; name = Info.plist; path = Resources/Info.plist; sourceTree = "<group>"; };
		E21FE43D062B79AB0059585C /* KeyEquivalentScenario.m */ = {isa = PBXFileReference; fileEncoding = 30; lastKnownFileType = sourcecode.c.objc; path = KeyEquivalentScenario.m; sourceTree = "<group>"; };
		E21FE43E062B79AB0059585C /* KeyEquivalentEntry.h */ = {isa = PBXFileReference; fileEncoding = 30; lastKnownFileType = sourcecode.c.h; path = KeyEquivalentEntry.h; sourceTree = "<group>"; };
		E21FE43F062B79AB0059585C /* KeyEquivalent.m */ = {isa = PBXFileReference; fileEncoding = 4; lastKnownFileType = sourcecode.c.objc; path = KeyEquivalent.m; sourceTree = "<group>"; };
		E21FE440062B79AB0059585C /* KeyEquivalent.h */ = {isa = PBXFileReference; fileEncoding = 30; lastKnownFileType = sourcecode.c.h; path = KeyEquivalent.h; sourceTree = "<group>"; };
		E21FE441062B79AB0059585C /* KeyEquivalentEntry.m */ = {isa = PBXFileReference; fileEncoding = 30; lastKnownFileType = sourcecode.c.objc; path = KeyEquivalentEntry.m; sourceTree = "<group>"; };
		E21FE442062B79AB0059585C /* KeyEquivalentManager.m */ = {isa = PBXFileReference; fileEncoding = 30; lastKnownFileType = sourcecode.c.objc; path = KeyEquivalentManager.m; sourceTree = "<group>"; };
		E21FE443062B79AB0059585C /* KeyEquivalentPrefsController.h */ = {isa = PBXFileReference; fileEncoding = 30; lastKnownFileType = sourcecode.c.h; path = KeyEquivalentPrefsController.h; sourceTree = "<group>"; };
		E21FE444062B79AB0059585C /* KeyEquivalentTextView.h */ = {isa = PBXFileReference; fileEncoding = 30; lastKnownFileType = sourcecode.c.h; path = KeyEquivalentTextView.h; sourceTree = "<group>"; };
		E21FE445062B79AB0059585C /* KeyEquivalentTextView.m */ = {isa = PBXFileReference; fileEncoding = 30; lastKnownFileType = sourcecode.c.objc; path = KeyEquivalentTextView.m; sourceTree = "<group>"; };
		E21FE446062B79AB0059585C /* KeyEquivalentScenario.h */ = {isa = PBXFileReference; fileEncoding = 30; lastKnownFileType = sourcecode.c.h; path = KeyEquivalentScenario.h; sourceTree = "<group>"; };
		E21FE447062B79AB0059585C /* KeyEquivalentPrefsController.m */ = {isa = PBXFileReference; fileEncoding = 30; lastKnownFileType = sourcecode.c.objc; path = KeyEquivalentPrefsController.m; sourceTree = "<group>"; };
		E21FE448062B79AB0059585C /* KeyEquivalentManager.h */ = {isa = PBXFileReference; fileEncoding = 30; lastKnownFileType = sourcecode.c.h; path = KeyEquivalentManager.h; sourceTree = "<group>"; };
		E291FA1308815A950061216E /* EventFilter.h */ = {isa = PBXFileReference; fileEncoding = 30; lastKnownFileType = sourcecode.c.h; path = EventFilter.h; sourceTree = "<group>"; };
		E291FA1408815A950061216E /* EventFilter.m */ = {isa = PBXFileReference; fileEncoding = 30; lastKnownFileType = sourcecode.c.objc; path = EventFilter.m; sourceTree = "<group>"; };
		E291FAD4088161DA0061216E /* cursors.plist */ = {isa = PBXFileReference; fileEncoding = 30; lastKnownFileType = text.plist.xml; name = cursors.plist; path = Resources/cursors.plist; sourceTree = "<group>"; };
		E291FB21088168E20061216E /* QueuedEvent.h */ = {isa = PBXFileReference; fileEncoding = 30; lastKnownFileType = sourcecode.c.h; path = QueuedEvent.h; sourceTree = "<group>"; };
		E291FB22088168E20061216E /* QueuedEvent.m */ = {isa = PBXFileReference; fileEncoding = 30; lastKnownFileType = sourcecode.c.objc; path = QueuedEvent.m; sourceTree = "<group>"; };
		E2929DD307675DE800190669 /* MyApp.h */ = {isa = PBXFileReference; fileEncoding = 4; lastKnownFileType = sourcecode.c.h; path = MyApp.h; sourceTree = "<group>"; };
		E2929DD407675DE800190669 /* MyApp.m */ = {isa = PBXFileReference; fileEncoding = 4; lastKnownFileType = sourcecode.c.objc; path = MyApp.m; sourceTree = "<group>"; };
		E2B083E00763AA7D00CE24C1 /* ServerFromConnection.m */ = {isa = PBXFileReference; fileEncoding = 30; lastKnownFileType = sourcecode.c.objc; path = ServerFromConnection.m; sourceTree = "<group>"; };
		E2B083E10763AA7D00CE24C1 /* ServerFromConnection.h */ = {isa = PBXFileReference; fileEncoding = 30; lastKnownFileType = sourcecode.c.h; path = ServerFromConnection.h; sourceTree = "<group>"; };
		E2B083ED0763AA9A00CE24C1 /* ListenerController.h */ = {isa = PBXFileReference; fileEncoding = 30; lastKnownFileType = sourcecode.c.h; path = ListenerController.h; sourceTree = "<group>"; };
		E2B083EE0763AA9A00CE24C1 /* ListenerController.m */ = {isa = PBXFileReference; fileEncoding = 30; lastKnownFileType = sourcecode.c.objc; path = ListenerController.m; sourceTree = "<group>"; };
		E2CA650906DA451500B70BDF /* help */ = {isa = PBXFileReference; lastKnownFileType = folder; name = help; path = Resources/help; sourceTree = "<group>"; };
		E2F3A2C906D44755005EB917 /* PrefController.h */ = {isa = PBXFileReference; fileEncoding = 4; lastKnownFileType = sourcecode.c.h; path = PrefController.h; sourceTree = "<group>"; };
		E2F3A2CA06D44755005EB917 /* PrefController.m */ = {isa = PBXFileReference; fileEncoding = 4; lastKnownFileType = sourcecode.c.objc; path = PrefController.m; sourceTree = "<group>"; };
		E2F3A2E306D4483D005EB917 /* AppDelegate.h */ = {isa = PBXFileReference; fileEncoding = 4; lastKnownFileType = sourcecode.c.h; path = AppDelegate.h; sourceTree = "<group>"; };
		E2F3A2E406D4483D005EB917 /* AppDelegate.m */ = {isa = PBXFileReference; fileEncoding = 4; lastKnownFileType = sourcecode.c.objc; path = AppDelegate.m; sourceTree = "<group>"; };
		E2F3A3B206D45C7B005EB917 /* PrefController_private.h */ = {isa = PBXFileReference; fileEncoding = 4; lastKnownFileType = sourcecode.c.h; path = PrefController_private.h; sourceTree = "<group>"; };
		E2F3A3B306D45C7B005EB917 /* PrefController_private.m */ = {isa = PBXFileReference; fileEncoding = 4; lastKnownFileType = sourcecode.c.objc; path = PrefController_private.m; sourceTree = "<group>"; };
		E2F3AB0206D5B86A005EB917 /* ProfileManager_private.h */ = {isa = PBXFileReference; fileEncoding = 4; lastKnownFileType = sourcecode.c.h; path = ProfileManager_private.h; sourceTree = "<group>"; };
		E2F3AB0306D5B86A005EB917 /* ProfileManager_private.m */ = {isa = PBXFileReference; fileEncoding = 4; lastKnownFileType = sourcecode.c.objc; path = ProfileManager_private.m; sourceTree = "<group>"; };
		E2F3AD6F06D5E11D005EB917 /* NSObject_Chicken.h */ = {isa = PBXFileReference; fileEncoding = 4; lastKnownFileType = sourcecode.c.h; path = NSObject_Chicken.h; sourceTree = "<group>"; };
		E2F3AD7006D5E11D005EB917 /* NSObject_Chicken.m */ = {isa = PBXFileReference; fileEncoding = 4; lastKnownFileType = sourcecode.c.objc; path = NSObject_Chicken.m; sourceTree = "<group>"; };
		E2F48D74040EDD2200BD55BA /* KeyChain.h */ = {isa = PBXFileReference; fileEncoding = 30; lastKnownFileType = sourcecode.c.h; path = KeyChain.h; sourceTree = "<group>"; };
		E2F48D75040EDD2200BD55BA /* KeyChain.m */ = {isa = PBXFileReference; fileEncoding = 30; lastKnownFileType = sourcecode.c.objc; path = KeyChain.m; sourceTree = "<group>"; };
		E2F48D78040EDD5100BD55BA /* Carbon.framework */ = {isa = PBXFileReference; lastKnownFileType = wrapper.framework; name = Carbon.framework; path = /System/Library/Frameworks/Carbon.framework; sourceTree = "<absolute>"; };
		F52128E40368AF9F01F702E0 /* GNU Public License.txt */ = {isa = PBXFileReference; fileEncoding = 30; lastKnownFileType = text; path = "GNU Public License.txt"; sourceTree = "<group>"; };
		F5DC7177033DB40D01A8010C /* icon.icns */ = {isa = PBXFileReference; lastKnownFileType = image.icns; name = icon.icns; path = Resources/icon.icns; sourceTree = "<group>"; };
		F5DC7178033DB40D01A8010C /* rfbCursor3.tiff */ = {isa = PBXFileReference; lastKnownFileType = image.tiff; name = rfbCursor3.tiff; path = Resources/rfbCursor3.tiff; sourceTree = "<group>"; };
		F5DC717B033DB40D01A8010C /* rfbCursor2.tiff */ = {isa = PBXFileReference; lastKnownFileType = image.tiff; name = rfbCursor2.tiff; path = Resources/rfbCursor2.tiff; sourceTree = "<group>"; };
		F5DC717C033DB40D01A8010C /* rfbCursor.tiff */ = {isa = PBXFileReference; lastKnownFileType = image.tiff; name = rfbCursor.tiff; path = Resources/rfbCursor.tiff; sourceTree = "<group>"; };
		F5DC71AC033DB4A801A8010C /* d3des.c */ = {isa = PBXFileReference; fileEncoding = 30; lastKnownFileType = sourcecode.c.c; path = d3des.c; sourceTree = "<group>"; };
		F5DC71AD033DB4A801A8010C /* d3des.h */ = {isa = PBXFileReference; fileEncoding = 30; lastKnownFileType = sourcecode.c.h; path = d3des.h; sourceTree = "<group>"; };
		F5DC71D5033DB4A801A8010C /* Profile.h */ = {isa = PBXFileReference; fileEncoding = 30; lastKnownFileType = sourcecode.c.h; path = Profile.h; sourceTree = "<group>"; };
		F5DC71D6033DB4A801A8010C /* Profile.m */ = {isa = PBXFileReference; fileEncoding = 30; lastKnownFileType = sourcecode.c.objc; path = Profile.m; sourceTree = "<group>"; };
		F5DC71D7033DB4A801A8010C /* ProfileManager.h */ = {isa = PBXFileReference; fileEncoding = 30; lastKnownFileType = sourcecode.c.h; path = ProfileManager.h; sourceTree = "<group>"; };
		F5DC71D8033DB4A801A8010C /* ProfileManager.m */ = {isa = PBXFileReference; fileEncoding = 30; lastKnownFileType = sourcecode.c.objc; path = ProfileManager.m; sourceTree = "<group>"; };
		F5DC71DD033DB4A801A8010C /* RFBConnection.h */ = {isa = PBXFileReference; fileEncoding = 30; lastKnownFileType = sourcecode.c.h; path = RFBConnection.h; sourceTree = "<group>"; };
		F5DC71DE033DB4A801A8010C /* RFBConnection.m */ = {isa = PBXFileReference; fileEncoding = 30; lastKnownFileType = sourcecode.c.objc; path = RFBConnection.m; sourceTree = "<group>"; };
		F5DC71DF033DB4A801A8010C /* RFBConnectionManager.h */ = {isa = PBXFileReference; fileEncoding = 30; lastKnownFileType = sourcecode.c.h; path = RFBConnectionManager.h; sourceTree = "<group>"; };
		F5DC71E0033DB4A801A8010C /* RFBConnectionManager.m */ = {isa = PBXFileReference; fileEncoding = 30; lastKnownFileType = sourcecode.c.objc; path = RFBConnectionManager.m; sourceTree = "<group>"; };
		F5DC71E3033DB4A801A8010C /* rfbproto.h */ = {isa = PBXFileReference; fileEncoding = 30; lastKnownFileType = sourcecode.c.h; path = rfbproto.h; sourceTree = "<group>"; };
		F5DC71F7033DB4A801A8010C /* vncauth.c */ = {isa = PBXFileReference; fileEncoding = 30; lastKnownFileType = sourcecode.c.c; path = vncauth.c; sourceTree = "<group>"; };
		F5DC71F8033DB4A801A8010C /* vncauth.h */ = {isa = PBXFileReference; fileEncoding = 30; lastKnownFileType = sourcecode.c.h; path = vncauth.h; sourceTree = "<group>"; };
		F5DC71F9033DB4A801A8010C /* VNCViewer_main.m */ = {isa = PBXFileReference; fileEncoding = 30; lastKnownFileType = sourcecode.c.objc; path = VNCViewer_main.m; sourceTree = "<group>"; };
		F5F2D5A603B3C93B01150DB1 /* debug.h */ = {isa = PBXFileReference; fileEncoding = 30; lastKnownFileType = sourcecode.c.h; path = debug.h; sourceTree = "<group>"; };
		F5F2D5A703B3C93B01150DB1 /* debug.m */ = {isa = PBXFileReference; fileEncoding = 30; lastKnownFileType = sourcecode.c.objc; path = debug.m; sourceTree = "<group>"; };
/* End PBXFileReference section */

/* Begin PBXFrameworksBuildPhase section */
		7F7A945805E71B5C00E20416 /* Frameworks */ = {
			isa = PBXFrameworksBuildPhase;
			buildActionMask = 2147483647;
			files = (
				5E0405A72DA0CFF300C3B312 /* RoyalVNCKit in Frameworks */,
				7F7A945905E71B5C00E20416 /* Cocoa.framework in Frameworks */,
				7F7A945B05E71B5C00E20416 /* Carbon.framework in Frameworks */,
				DA1FDD9212D6B1A000632D78 /* Security.framework in Frameworks */,
			);
			runOnlyForDeploymentPostprocessing = 0;
		};
/* End PBXFrameworksBuildPhase section */

/* Begin PBXGroup section */
		1058C7A0FEA54F0111CA2CBB /* Linked Frameworks */ = {
			isa = PBXGroup;
			children = (
				DA1FDD9112D6B1A000632D78 /* Security.framework */,
				1058C7A1FEA54F0111CA2CBB /* Cocoa.framework */,
				E2F48D78040EDD5100BD55BA /* Carbon.framework */,
			);
			name = "Linked Frameworks";
			sourceTree = "<group>";
		};
		19C28FACFE9D520D11CA2CBB /* Products */ = {
			isa = PBXGroup;
			children = (
				7FD66F5805E9E2B500229E5C /* Chicken.app */,
			);
			name = Products;
			sourceTree = "<group>";
		};
		29B97314FDCFA39411CA2CEA /* Chicken of the VNC */ = {
			isa = PBXGroup;
			children = (
				F5DC718B033DB45F01A8010C /* Documentation */,
				F5DC7198033DB4A801A8010C /* Source */,
				29B97317FDCFA39411CA2CEA /* Resources */,
				29B97323FDCFA39411CA2CEA /* Frameworks */,
				19C28FACFE9D520D11CA2CBB /* Products */,
			);
			name = "Chicken of the VNC";
			sourceTree = "<group>";
		};
		29B97317FDCFA39411CA2CEA /* Resources */ = {
			isa = PBXGroup;
			children = (
				DAC8077D12FEC38400C4ADB6 /* ssh-helper.sh */,
				E291FAD4088161DA0061216E /* cursors.plist */,
				E2CA650906DA451500B70BDF /* help */,
				F5DC7177033DB40D01A8010C /* icon.icns */,
				E21FE256062B6C8D0059585C /* Info.plist */,
				8A5828452FAA24D700A4E226 /* Localizable.xcstrings */,
				F5DC717C033DB40D01A8010C /* rfbCursor.tiff */,
				F5DC717B033DB40D01A8010C /* rfbCursor2.tiff */,
				F5DC7178033DB40D01A8010C /* rfbCursor3.tiff */,
				DAD6DEE812DCF4A3001FD9D6 /* AuthPrompt.xib */,
				E2F3A7E606D4A687005EB917 /* ConnectionDialog.xib */,
				E2B083F70763AAC200CE24C1 /* ListenDialog.xib */,
				E2F3A33E06D44E0E005EB917 /* Preferences.xib */,
				E2F3A99C06D4BFD8005EB917 /* ProfileManager.xib */,
				F5DC7187033DB44301A8010C /* OSX_RFBViewer.xib */,
				F5DC7185033DB44301A8010C /* RFBConnection.xib */,
				7FFA903B062BA74F0008D381 /* ServerDisplay.xib */,
			);
			name = Resources;
			sourceTree = "<group>";
		};
		29B97323FDCFA39411CA2CEA /* Frameworks */ = {
			isa = PBXGroup;
			children = (
				1058C7A0FEA54F0111CA2CBB /* Linked Frameworks */,
			);
			name = Frameworks;
			sourceTree = "<group>";
		};
		7FB3EA1D0804E77F003757C9 /* AppleScript Processing */ = {
			isa = PBXGroup;
			children = (
				7FF0C9A305CDBDCE008E39DD /* CotVNC.scriptSuite */,
				7FF0C9A705CDC9A0008E39DD /* CotVNC.scriptTerminology */,
				7F088F2805E1DA4800336456 /* URLHandlerCommand.h */,
				7F088F2905E1DA4800336456 /* URLHandlerCommand.m */,
			);
			name = "AppleScript Processing";
			sourceTree = "<group>";
		};
		7FC6DF2405C315680028A970 /* Server Management */ = {
			isa = PBXGroup;
			children = (
				7FE7F83106D8008800647AA1 /* Server Models */,
				7FE7F83006D8005600647AA1 /* GUI Controller */,
				7F088F2405E1D81100336456 /* ServerDataManager.h */,
				7F088F2505E1D81100336456 /* ServerDataManager.m */,
			);
			name = "Server Management";
			sourceTree = "<group>";
		};
		7FD35C1706CC57FB00648090 /* Profiles */ = {
			isa = PBXGroup;
			children = (
				F5DC71D5033DB4A801A8010C /* Profile.h */,
				F5DC71D6033DB4A801A8010C /* Profile.m */,
				F5DC71D7033DB4A801A8010C /* ProfileManager.h */,
				F5DC71D8033DB4A801A8010C /* ProfileManager.m */,
				E2F3AB0206D5B86A005EB917 /* ProfileManager_private.h */,
				E2F3AB0306D5B86A005EB917 /* ProfileManager_private.m */,
				7FD35C1806CC583A00648090 /* ProfileDataManager.h */,
				7FD35C1906CC583A00648090 /* ProfileDataManager.m */,
			);
			name = Profiles;
			sourceTree = "<group>";
		};
		7FE7F82E06D7FFC700647AA1 /* Preferences */ = {
			isa = PBXGroup;
			children = (
				E2F3A2C906D44755005EB917 /* PrefController.h */,
				E2F3A2CA06D44755005EB917 /* PrefController.m */,
				E2F3A3B206D45C7B005EB917 /* PrefController_private.h */,
				E2F3A3B306D45C7B005EB917 /* PrefController_private.m */,
			);
			name = Preferences;
			sourceTree = "<group>";
		};
		7FE7F82F06D8003200647AA1 /* Connection Management */ = {
			isa = PBXGroup;
			children = (
				F5DC71DF033DB4A801A8010C /* RFBConnectionManager.h */,
				F5DC71E0033DB4A801A8010C /* RFBConnectionManager.m */,
			);
			name = "Connection Management";
			sourceTree = "<group>";
		};
		7FE7F83006D8005600647AA1 /* GUI Controller */ = {
			isa = PBXGroup;
			children = (
				E2B083ED0763AA9A00CE24C1 /* ListenerController.h */,
				E2B083EE0763AA9A00CE24C1 /* ListenerController.m */,
				7FBB0A6605F5BC9700F716C4 /* ServerDataViewController.h */,
				7FBB0A6705F5BC9700F716C4 /* ServerDataViewController.m */,
			);
			name = "GUI Controller";
			sourceTree = "<group>";
		};
		7FE7F83106D8008800647AA1 /* Server Models */ = {
			isa = PBXGroup;
			children = (
				7FC6DF2705C315C20028A970 /* IServerData.h */,
				DA1FD8C312D5100400632D78 /* PersistentServer.h */,
				DA1FD8C412D5100400632D78 /* PersistentServer.m */,
				7FFA8FE9062BA6330008D381 /* ServerBase.h */,
				7FFA8FEA062BA6330008D381 /* ServerBase.m */,
				E2B083E10763AA7D00CE24C1 /* ServerFromConnection.h */,
				E2B083E00763AA7D00CE24C1 /* ServerFromConnection.m */,
				7FC6DF6705C31AF50028A970 /* ServerFromPrefs.h */,
				7FC6DF6805C31AF50028A970 /* ServerFromPrefs.m */,
				7FC6DF6D05C31B0D0028A970 /* ServerFromRendezvous.h */,
				7FC6DF6E05C31B0D0028A970 /* ServerFromRendezvous.m */,
				7F7DE7D4080F39DF006BF1DF /* ServerStandAlone.h */,
				7F7DE7D5080F39DF006BF1DF /* ServerStandAlone.m */,
			);
			name = "Server Models";
			sourceTree = "<group>";
		};
		E21FE439062B79940059585C /* KeyEquivalents */ = {
			isa = PBXGroup;
			children = (
				E21FE440062B79AB0059585C /* KeyEquivalent.h */,
				E21FE43F062B79AB0059585C /* KeyEquivalent.m */,
				E21FE43E062B79AB0059585C /* KeyEquivalentEntry.h */,
				E21FE441062B79AB0059585C /* KeyEquivalentEntry.m */,
				E21FE448062B79AB0059585C /* KeyEquivalentManager.h */,
				E21FE442062B79AB0059585C /* KeyEquivalentManager.m */,
				E21FE443062B79AB0059585C /* KeyEquivalentPrefsController.h */,
				E21FE447062B79AB0059585C /* KeyEquivalentPrefsController.m */,
				E21FE446062B79AB0059585C /* KeyEquivalentScenario.h */,
				E21FE43D062B79AB0059585C /* KeyEquivalentScenario.m */,
				E21FE444062B79AB0059585C /* KeyEquivalentTextView.h */,
				E21FE445062B79AB0059585C /* KeyEquivalentTextView.m */,
			);
			name = KeyEquivalents;
			sourceTree = "<group>";
		};
		F5DC718B033DB45F01A8010C /* Documentation */ = {
			isa = PBXGroup;
			children = (
				F52128E40368AF9F01F702E0 /* GNU Public License.txt */,
			);
			path = Documentation;
			sourceTree = "<group>";
		};
		F5DC7198033DB4A801A8010C /* Source */ = {
			isa = PBXGroup;
			children = (
				DA22199716BC615600410C5A /* CommandLineConnection.h */,
				DA22199816BC615600410C5A /* CommandLineConnection.m */,
				DA78379712DE159800F1893E /* SshWaiter.h */,
				DA78379812DE159800F1893E /* SshWaiter.m */,
				DAD6DEFC12DCF583001FD9D6 /* SshTunnel.h */,
				DAD6DEFD12DCF583001FD9D6 /* SshTunnel.m */,
				DAD6DEDF12DCF37A001FD9D6 /* AuthPrompt.h */,
				DAD6DEE012DCF37A001FD9D6 /* AuthPrompt.m */,
				DA335CCD12DA4A6C00C70987 /* Session.h */,
				DA335CCE12DA4A6C00C70987 /* Session.m */,
				DAEB76F11232AE3400002E6A /* Keymap.m */,
				7FE7F82F06D8003200647AA1 /* Connection Management */,
				7FE7F82E06D7FFC700647AA1 /* Preferences */,
				E21FE439062B79940059585C /* KeyEquivalents */,
				7FD35C1706CC57FB00648090 /* Profiles */,
				7FC6DF2405C315680028A970 /* Server Management */,
				7FB3EA1D0804E77F003757C9 /* AppleScript Processing */,
				E2F3A2E306D4483D005EB917 /* AppDelegate.h */,
				E2F3A2E406D4483D005EB917 /* AppDelegate.m */,
				DA68E53011E7867500F23347 /* ConnectionWaiter.h */,
				DA68E53111E7867500F23347 /* ConnectionWaiter.m */,
				F5DC71AC033DB4A801A8010C /* d3des.c */,
				F5DC71AD033DB4A801A8010C /* d3des.h */,
				F5F2D5A603B3C93B01150DB1 /* debug.h */,
				F5F2D5A703B3C93B01150DB1 /* debug.m */,
				E291FA1308815A950061216E /* EventFilter.h */,
				E291FA1408815A950061216E /* EventFilter.m */,
				DA231DF512BD562100D3AD44 /* Keymap.h */,
				E2F48D74040EDD2200BD55BA /* KeyChain.h */,
				E2F48D75040EDD2200BD55BA /* KeyChain.m */,
				E2929DD307675DE800190669 /* MyApp.h */,
				E2929DD407675DE800190669 /* MyApp.m */,
				E2F3AD6F06D5E11D005EB917 /* NSObject_Chicken.h */,
				E2F3AD7006D5E11D005EB917 /* NSObject_Chicken.m */,
				E291FB21088168E20061216E /* QueuedEvent.h */,
				E291FB22088168E20061216E /* QueuedEvent.m */,
				F5DC71DD033DB4A801A8010C /* RFBConnection.h */,
				F5DC71DE033DB4A801A8010C /* RFBConnection.m */,
				F5DC71E3033DB4A801A8010C /* rfbproto.h */,
				F5DC71F7033DB4A801A8010C /* vncauth.c */,
				F5DC71F8033DB4A801A8010C /* vncauth.h */,
				F5DC71F9033DB4A801A8010C /* VNCViewer_main.m */,
				DAA856CF16B8717100A40AB5 /* DockConnection.h */,
				DAA856D016B8717100A40AB5 /* DockConnection.m */,
			);
			path = Source;
			sourceTree = "<group>";
		};
/* End PBXGroup section */

/* Begin PBXHeadersBuildPhase section */
		7F7A93E405E71B5C00E20416 /* Headers */ = {
			isa = PBXHeadersBuildPhase;
			buildActionMask = 2147483647;
			files = (
				7F7A93ED05E71B5C00E20416 /* d3des.h in Headers */,
				7F7A93FA05E71B5C00E20416 /* Profile.h in Headers */,
				7F7A93FB05E71B5C00E20416 /* ProfileManager.h in Headers */,
				7F7A93FE05E71B5C00E20416 /* RFBConnection.h in Headers */,
				7F7A93FF05E71B5C00E20416 /* RFBConnectionManager.h in Headers */,
				7F7A940105E71B5C00E20416 /* rfbproto.h in Headers */,
				7F7A940B05E71B5C00E20416 /* vncauth.h in Headers */,
				7F7A941105E71B5C00E20416 /* debug.h in Headers */,
				7F7A941205E71B5C00E20416 /* KeyChain.h in Headers */,
				7F7A941305E71B5C00E20416 /* IServerData.h in Headers */,
				7F7A941405E71B5C00E20416 /* ServerFromPrefs.h in Headers */,
				7F7A941605E71B5C00E20416 /* ServerDataManager.h in Headers */,
				7FBB0A6A05F5BC9700F716C4 /* ServerDataViewController.h in Headers */,
				E21FE44A062B79AB0059585C /* KeyEquivalentEntry.h in Headers */,
				E21FE44C062B79AB0059585C /* KeyEquivalent.h in Headers */,
				E21FE44F062B79AB0059585C /* KeyEquivalentPrefsController.h in Headers */,
				E21FE450062B79AB0059585C /* KeyEquivalentTextView.h in Headers */,
				E21FE452062B79AB0059585C /* KeyEquivalentScenario.h in Headers */,
				E21FE454062B79AB0059585C /* KeyEquivalentManager.h in Headers */,
				7FFA8FEB062BA6330008D381 /* ServerBase.h in Headers */,
				7FB6A8D1068AB5E3005E5E49 /* ServerFromRendezvous.h in Headers */,
				7FD35C1A06CC583A00648090 /* ProfileDataManager.h in Headers */,
				E2F3A2CB06D44755005EB917 /* PrefController.h in Headers */,
				E2F3A2E506D4483D005EB917 /* AppDelegate.h in Headers */,
				E2F3A3B406D45C7B005EB917 /* PrefController_private.h in Headers */,
				E2F3AB0406D5B86A005EB917 /* ProfileManager_private.h in Headers */,
				E2F3AD7106D5E11D005EB917 /* NSObject_Chicken.h in Headers */,
				E2B083E30763AA7D00CE24C1 /* ServerFromConnection.h in Headers */,
				E2B083EF0763AA9A00CE24C1 /* ListenerController.h in Headers */,
				E2929DD507675DE800190669 /* MyApp.h in Headers */,
				7FB3EA1B0804E758003757C9 /* URLHandlerCommand.h in Headers */,
				7F7DE7D6080F39DF006BF1DF /* ServerStandAlone.h in Headers */,
				E291FA1508815A950061216E /* EventFilter.h in Headers */,
				E291FB23088168E20061216E /* QueuedEvent.h in Headers */,
				DA68E53211E7867500F23347 /* ConnectionWaiter.h in Headers */,
				DA231DF612BD562100D3AD44 /* Keymap.h in Headers */,
				DA1FD8C512D5100400632D78 /* PersistentServer.h in Headers */,
				DA335CCF12DA4A6C00C70987 /* Session.h in Headers */,
				DAD6DEE112DCF37A001FD9D6 /* AuthPrompt.h in Headers */,
				DAD6DEFE12DCF583001FD9D6 /* SshTunnel.h in Headers */,
				DA78379912DE159800F1893E /* SshWaiter.h in Headers */,
				DAA856D116B8717100A40AB5 /* DockConnection.h in Headers */,
				DA22199916BC615600410C5A /* CommandLineConnection.h in Headers */,
			);
			runOnlyForDeploymentPostprocessing = 0;
		};
/* End PBXHeadersBuildPhase section */

/* Begin PBXNativeTarget section */
		7F7A93E305E71B5C00E20416 /* Chicken */ = {
			isa = PBXNativeTarget;
			buildConfigurationList = E20426E6087531990026AA26 /* Build configuration list for PBXNativeTarget "Chicken" */;
			buildPhases = (
				7F7A93E405E71B5C00E20416 /* Headers */,
				7F7A941805E71B5C00E20416 /* Resources */,
				7F7A942605E71B5C00E20416 /* Sources */,
				7F7A945805E71B5C00E20416 /* Frameworks */,
				DA36490A1293A27900FB8272 /* CopyFiles */,
				5E0405B02DA1000000C3B312 /* Re-sign Package Frameworks */,
				1A6258971DBAA6AA008CD537 /* ShellScript */,
			);
			buildRules = (
			);
			dependencies = (
			);
			name = Chicken;
			packageProductDependencies = (
				5E0405A62DA0CFF300C3B312 /* RoyalVNCKit */,
			);
			productName = "Chicken of the VNC";
			productReference = 7FD66F5805E9E2B500229E5C /* Chicken.app */;
			productType = "com.apple.product-type.application";
		};
/* End PBXNativeTarget section */

/* Begin PBXProject section */
		29B97313FDCFA39411CA2CEA /* Project object */ = {
			isa = PBXProject;
			attributes = {
				BuildIndependentTargetsInParallel = YES;
				LastUpgradeCheck = 2630;
			};
			buildConfigurationList = E20426EA087531990026AA26 /* Build configuration list for PBXProject "Chicken" */;
			compatibilityVersion = "Xcode 2.4";
			developmentRegion = en;
			hasScannedForEncodings = 1;
			knownRegions = (
				fr,
				Base,
				en,
				ja,
				it,
			);
			mainGroup = 29B97314FDCFA39411CA2CEA /* Chicken of the VNC */;
			packageReferences = (
				5E0405A52DA0CFF300C3B312 /* XCLocalSwiftPackageReference "royalvnc" */,
			);
			projectDirPath = "";
			projectRoot = "";
			targets = (
				7F7A93E305E71B5C00E20416 /* Chicken */,
			);
		};
/* End PBXProject section */

/* Begin PBXResourcesBuildPhase section */
		7F7A941805E71B5C00E20416 /* Resources */ = {
			isa = PBXResourcesBuildPhase;
			buildActionMask = 2147483647;
			files = (
				7F7A941B05E71B5C00E20416 /* icon.icns in Resources */,
				7F7A941C05E71B5C00E20416 /* rfbCursor3.tiff in Resources */,
				7F7A941F05E71B5C00E20416 /* rfbCursor2.tiff in Resources */,
				7F7A942005E71B5C00E20416 /* rfbCursor.tiff in Resources */,
				8A5828462FAA24D700A4E226 /* Localizable.xcstrings in Resources */,
				7F7A942105E71B5C00E20416 /* RFBConnection.xib in Resources */,
				7F7A942205E71B5C00E20416 /* OSX_RFBViewer.xib in Resources */,
				7FFA903D062BA74F0008D381 /* ServerDisplay.xib in Resources */,
				E2F3A34006D44E0E005EB917 /* Preferences.xib in Resources */,
				E2F3A7E806D4A687005EB917 /* ConnectionDialog.xib in Resources */,
				E2F3A99E06D4BFD8005EB917 /* ProfileManager.xib in Resources */,
				E2CA651806DA451600B70BDF /* help in Resources */,
				E2B083F90763AAC200CE24C1 /* ListenDialog.xib in Resources */,
				7FB3EA8D0804ECDB003757C9 /* CotVNC.scriptTerminology in Resources */,
				7FB3EA8E0804ECE0003757C9 /* CotVNC.scriptSuite in Resources */,
				E291FAD5088161DA0061216E /* cursors.plist in Resources */,
				DAD6DEEA12DCF4A3001FD9D6 /* AuthPrompt.xib in Resources */,
				DAC8077E12FEC38400C4ADB6 /* ssh-helper.sh in Resources */,
			);
			runOnlyForDeploymentPostprocessing = 0;
		};
/* End PBXResourcesBuildPhase section */

/* Begin PBXShellScriptBuildPhase section */
		1A6258971DBAA6AA008CD537 /* ShellScript */ = {
			isa = PBXShellScriptBuildPhase;
			buildActionMask = 8;
			files = (
			);
			inputPaths = (
			);
			outputPaths = (
			);
			runOnlyForDeploymentPostprocessing = 1;
			shellPath = /bin/sh;
			shellScript = "#!/bin/sh\n# builds dmg\nDMG=${BUILD_ROOT}/${PRODUCT_NAME}_${_CHICKEN_VERSION_}.dmg\n\nrm -f $DMG\nhdiutil create $DMG -volname \"${PRODUCT_NAME}\" -fs HFS+ \\\n    -srcfolder \"${TARGET_BUILD_DIR}\"\n";
		};
		5E0405B02DA1000000C3B312 /* Re-sign Package Frameworks */ = {
			isa = PBXShellScriptBuildPhase;
			buildActionMask = 2147483647;
			files = (
			);
			inputPaths = (
			);
			name = "Re-sign Package Frameworks";
			outputPaths = (
			);
			runOnlyForDeploymentPostprocessing = 0;
			shellPath = /bin/sh;
			shellScript = "# Copy all package frameworks to the app bundle's Frameworks folder\nFRAMEWORKS_DIR=\"${BUILT_PRODUCTS_DIR}/${FRAMEWORKS_FOLDER_PATH}\"\nmkdir -p \"$FRAMEWORKS_DIR\"\nif [ -d \"${BUILT_PRODUCTS_DIR}/PackageFrameworks\" ]; then\n    cp -R \"${BUILT_PRODUCTS_DIR}/PackageFrameworks/\"*.framework \"$FRAMEWORKS_DIR/\"\nfi\n\n# Re-sign all Swift Package Manager frameworks with the ad-hoc identity\n# to resolve Team ID mismatch (e.g. RoyalVNCKit.framework)\nif [ -d \"$FRAMEWORKS_DIR\" ]; then\n    find \"$FRAMEWORKS_DIR\" -name '*.framework' -maxdepth 1 | while read fw; do\n        echo \"Re-signing: $fw\"\n        codesign --force --sign \"-\" --timestamp=none \"$fw\"\n    done\nfi\n";
		};
/* End PBXShellScriptBuildPhase section */

/* Begin PBXSourcesBuildPhase section */
		7F7A942605E71B5C00E20416 /* Sources */ = {
			isa = PBXSourcesBuildPhase;
			buildActionMask = 2147483647;
			files = (
				7F7A942F05E71B5C00E20416 /* d3des.c in Sources */,
				7F7A943B05E71B5C00E20416 /* Profile.m in Sources */,
				7F7A943C05E71B5C00E20416 /* ProfileManager.m in Sources */,
				7F7A943F05E71B5C00E20416 /* RFBConnection.m in Sources */,
				7F7A944005E71B5C00E20416 /* RFBConnectionManager.m in Sources */,
				7F7A944B05E71B5C00E20416 /* vncauth.c in Sources */,
				7F7A944C05E71B5C00E20416 /* VNCViewer_main.m in Sources */,
				7F7A945205E71B5C00E20416 /* debug.m in Sources */,
				7F7A945305E71B5C00E20416 /* KeyChain.m in Sources */,
				7F7A945405E71B5C00E20416 /* ServerFromPrefs.m in Sources */,
				7F7A945605E71B5C00E20416 /* ServerDataManager.m in Sources */,
				7FBB0A6B05F5BC9700F716C4 /* ServerDataViewController.m in Sources */,
				E21FE449062B79AB0059585C /* KeyEquivalentScenario.m in Sources */,
				E21FE44B062B79AB0059585C /* KeyEquivalent.m in Sources */,
				E21FE44D062B79AB0059585C /* KeyEquivalentEntry.m in Sources */,
				E21FE44E062B79AB0059585C /* KeyEquivalentManager.m in Sources */,
				E21FE451062B79AB0059585C /* KeyEquivalentTextView.m in Sources */,
				E21FE453062B79AB0059585C /* KeyEquivalentPrefsController.m in Sources */,
				7FFA8FEC062BA6330008D381 /* ServerBase.m in Sources */,
				7FB6A8D2068AB5E7005E5E49 /* ServerFromRendezvous.m in Sources */,
				7FD35C1B06CC583A00648090 /* ProfileDataManager.m in Sources */,
				E2F3A2CC06D44755005EB917 /* PrefController.m in Sources */,
				E2F3A2E606D4483D005EB917 /* AppDelegate.m in Sources */,
				E2F3A3B506D45C7B005EB917 /* PrefController_private.m in Sources */,
				E2F3AB0506D5B86A005EB917 /* ProfileManager_private.m in Sources */,
				E2F3AD7206D5E11D005EB917 /* NSObject_Chicken.m in Sources */,
				E2B083E20763AA7D00CE24C1 /* ServerFromConnection.m in Sources */,
				E2B083F00763AA9A00CE24C1 /* ListenerController.m in Sources */,
				E2929DD607675DE800190669 /* MyApp.m in Sources */,
				7FB3EA1C0804E75E003757C9 /* URLHandlerCommand.m in Sources */,
				7F7DE7D7080F39DF006BF1DF /* ServerStandAlone.m in Sources */,
				E291FB1B088168BB0061216E /* EventFilter.m in Sources */,
				E291FB24088168E20061216E /* QueuedEvent.m in Sources */,
				DA68E53311E7867500F23347 /* ConnectionWaiter.m in Sources */,
				DAEB76F21232AE3500002E6A /* Keymap.m in Sources */,
				DA1FD8C612D5100400632D78 /* PersistentServer.m in Sources */,
				DA335CD012DA4A6C00C70987 /* Session.m in Sources */,
				DAD6DEE212DCF37A001FD9D6 /* AuthPrompt.m in Sources */,
				DAD6DEFF12DCF583001FD9D6 /* SshTunnel.m in Sources */,
				DA78379A12DE159800F1893E /* SshWaiter.m in Sources */,
				DAA856D216B8717100A40AB5 /* DockConnection.m in Sources */,
				DA22199A16BC615600410C5A /* CommandLineConnection.m in Sources */,
			);
			runOnlyForDeploymentPostprocessing = 0;
		};
/* End PBXSourcesBuildPhase section */

/* Begin PBXVariantGroup section */
		7FFA903B062BA74F0008D381 /* ServerDisplay.xib */ = {
			isa = PBXVariantGroup;
			children = (
				8AC541F22413D92700B6450B /* Base */,
			);
			name = ServerDisplay.xib;
			sourceTree = "<group>";
		};
		DAD6DEE812DCF4A3001FD9D6 /* AuthPrompt.xib */ = {
			isa = PBXVariantGroup;
			children = (
				8AC541EB2413D92700B6450B /* Base */,
			);
			name = AuthPrompt.xib;
			sourceTree = "<group>";
		};
		E2B083F70763AAC200CE24C1 /* ListenDialog.xib */ = {
			isa = PBXVariantGroup;
			children = (
				8AC541ED2413D92700B6450B /* Base */,
			);
			name = ListenDialog.xib;
			sourceTree = "<group>";
		};
		E2F3A33E06D44E0E005EB917 /* Preferences.xib */ = {
			isa = PBXVariantGroup;
			children = (
				8AC541EE2413D92700B6450B /* Base */,
			);
			name = Preferences.xib;
			sourceTree = "<group>";
		};
		E2F3A7E606D4A687005EB917 /* ConnectionDialog.xib */ = {
			isa = PBXVariantGroup;
			children = (
				8AC541EC2413D92700B6450B /* Base */,
			);
			name = ConnectionDialog.xib;
			sourceTree = "<group>";
		};
		E2F3A99C06D4BFD8005EB917 /* ProfileManager.xib */ = {
			isa = PBXVariantGroup;
			children = (
				8AC541EF2413D92700B6450B /* Base */,
			);
			name = ProfileManager.xib;
			sourceTree = "<group>";
		};
		F5DC7185033DB44301A8010C /* RFBConnection.xib */ = {
			isa = PBXVariantGroup;
			children = (
				8AC541F12413D92700B6450B /* Base */,
			);
			name = RFBConnection.xib;
			sourceTree = "<group>";
		};
		F5DC7187033DB44301A8010C /* OSX_RFBViewer.xib */ = {
			isa = PBXVariantGroup;
			children = (
				8AC541F02413D92700B6450B /* Base */,
			);
			name = OSX_RFBViewer.xib;
			sourceTree = "<group>";
		};
/* End PBXVariantGroup section */

/* Begin XCBuildConfiguration section */
		E20426E7087531990026AA26 /* Development */ = {
			isa = XCBuildConfiguration;
			buildSettings = {
				AUTOMATION_APPLE_EVENTS = NO;
				CLANG_ENABLE_MODULES = YES;
				CLANG_ENABLE_OBJC_MODULES = YES;
				CLANG_ENABLE_OBJC_WEAK = YES;
				CODE_SIGN_IDENTITY = "-";
				"CODE_SIGN_IDENTITY[sdk=macosx*]" = "Apple Development";
				CODE_SIGN_STYLE = Automatic;
				COPY_PHASE_STRIP = NO;
				DEAD_CODE_STRIPPING = YES;
				DEPLOYMENT_LOCATION = YES;
				DEVELOPMENT_TEAM = 4X5WA3953A;
				ENABLE_HARDENED_RUNTIME = YES;
				ENABLE_RESOURCE_ACCESS_AUDIO_INPUT = NO;
				ENABLE_RESOURCE_ACCESS_CALENDARS = NO;
				ENABLE_RESOURCE_ACCESS_CAMERA = NO;
				ENABLE_RESOURCE_ACCESS_CONTACTS = NO;
				ENABLE_RESOURCE_ACCESS_LOCATION = NO;
				ENABLE_RESOURCE_ACCESS_PHOTO_LIBRARY = NO;
				FRAMEWORK_SEARCH_PATHS = (
					"$(inherited)",
					"$(FRAMEWORK_SEARCH_PATHS_QUOTED_1)",
					"$(FRAMEWORK_SEARCH_PATHS_QUOTED_FOR_TARGET_1)",
				);
				HEADER_SEARCH_PATHS = "";
				INFOPLIST_FILE = Resources/Info.plist;
				INSTALL_PATH = "$(HOME)/Applications";
				LD_RUNPATH_SEARCH_PATHS = "@executable_path/../Frameworks";
				LIBRARY_SEARCH_PATHS = "$(PROJECT_DIR)/libjpeg-turbo/lib";
				MACOSX_DEPLOYMENT_TARGET = 11.0;
				OTHER_CFLAGS = "";
				OTHER_LDFLAGS = "";
				PRODUCT_BUNDLE_IDENTIFIER = net.sourceforge.chicken;
				PRODUCT_NAME = Chicken;
				PROVISIONING_PROFILE_SPECIFIER = "";
				RUNTIME_EXCEPTION_ALLOW_DYLD_ENVIRONMENT_VARIABLES = NO;
				RUNTIME_EXCEPTION_ALLOW_JIT = NO;
				RUNTIME_EXCEPTION_ALLOW_UNSIGNED_EXECUTABLE_MEMORY = NO;
				RUNTIME_EXCEPTION_DEBUGGING_TOOL = NO;
				RUNTIME_EXCEPTION_DISABLE_EXECUTABLE_PAGE_PROTECTION = NO;
				RUNTIME_EXCEPTION_DISABLE_LIBRARY_VALIDATION = YES;
				SECTORDER_FLAGS = "";
				SKIP_INSTALL = YES;
				WARNING_CFLAGS = (
					"-Wmost",
					"-Wno-four-char-constants",
					"-Wno-unknown-pragmas",
				);
				WRAPPER_EXTENSION = app;
			};
			name = Development;
		};
		E20426E8087531990026AA26 /* Deployment */ = {
			isa = XCBuildConfiguration;
			buildSettings = {
				AUTOMATION_APPLE_EVENTS = NO;
				CLANG_ENABLE_MODULES = YES;
				CLANG_ENABLE_OBJC_MODULES = YES;
				CLANG_ENABLE_OBJC_WEAK = YES;
				CODE_SIGN_IDENTITY = "-";
				"CODE_SIGN_IDENTITY[sdk=macosx*]" = "Apple Development";
				CODE_SIGN_STYLE = Automatic;
				COPY_PHASE_STRIP = YES;
				DEAD_CODE_STRIPPING = YES;
				DEPLOYMENT_LOCATION = YES;
				DEPLOYMENT_POSTPROCESSING = YES;
				DEVELOPMENT_TEAM = 4X5WA3953A;
				ENABLE_HARDENED_RUNTIME = YES;
				ENABLE_RESOURCE_ACCESS_AUDIO_INPUT = NO;
				ENABLE_RESOURCE_ACCESS_CALENDARS = NO;
				ENABLE_RESOURCE_ACCESS_CAMERA = NO;
				ENABLE_RESOURCE_ACCESS_CONTACTS = NO;
				ENABLE_RESOURCE_ACCESS_LOCATION = NO;
				ENABLE_RESOURCE_ACCESS_PHOTO_LIBRARY = NO;
				FRAMEWORK_SEARCH_PATHS = (
					"$(inherited)",
					"$(FRAMEWORK_SEARCH_PATHS_QUOTED_1)",
					"$(FRAMEWORK_SEARCH_PATHS_QUOTED_FOR_TARGET_1)",
				);
				HEADER_SEARCH_PATHS = "";
				INFOPLIST_FILE = Resources/Info.plist;
				INSTALL_PATH = "$(HOME)/Applications";
				LD_RUNPATH_SEARCH_PATHS = "@executable_path/../Frameworks";
				LIBRARY_SEARCH_PATHS = "$(PROJECT_DIR)/libjpeg-turbo/lib";
				MACOSX_DEPLOYMENT_TARGET = 11.0;
				OTHER_CFLAGS = "";
				OTHER_LDFLAGS = "";
				PRODUCT_BUNDLE_IDENTIFIER = net.sourceforge.chicken;
				PRODUCT_NAME = Chicken;
				PROVISIONING_PROFILE_SPECIFIER = "";
				RUNTIME_EXCEPTION_ALLOW_DYLD_ENVIRONMENT_VARIABLES = NO;
				RUNTIME_EXCEPTION_ALLOW_JIT = NO;
				RUNTIME_EXCEPTION_ALLOW_UNSIGNED_EXECUTABLE_MEMORY = NO;
				RUNTIME_EXCEPTION_DEBUGGING_TOOL = NO;
				RUNTIME_EXCEPTION_DISABLE_EXECUTABLE_PAGE_PROTECTION = NO;
				RUNTIME_EXCEPTION_DISABLE_LIBRARY_VALIDATION = YES;
				SECTORDER_FLAGS = "";
				SKIP_INSTALL = YES;
				WARNING_CFLAGS = (
					"-Wmost",
					"-Wno-four-char-constants",
					"-Wno-unknown-pragmas",
				);
				WRAPPER_EXTENSION = app;
			};
			name = Deployment;
		};
		E20426E9087531990026AA26 /* Default */ = {
			isa = XCBuildConfiguration;
			buildSettings = {
				AUTOMATION_APPLE_EVENTS = NO;
				CLANG_ENABLE_MODULES = YES;
				CLANG_ENABLE_OBJC_MODULES = YES;
				CLANG_ENABLE_OBJC_WEAK = YES;
				CODE_SIGN_IDENTITY = "-";
				"CODE_SIGN_IDENTITY[sdk=macosx*]" = "Apple Development";
				CODE_SIGN_STYLE = Automatic;
				DEAD_CODE_STRIPPING = YES;
				DEPLOYMENT_LOCATION = YES;
				DEVELOPMENT_TEAM = 4X5WA3953A;
				ENABLE_HARDENED_RUNTIME = YES;
				ENABLE_RESOURCE_ACCESS_AUDIO_INPUT = NO;
				ENABLE_RESOURCE_ACCESS_CALENDARS = NO;
				ENABLE_RESOURCE_ACCESS_CAMERA = NO;
				ENABLE_RESOURCE_ACCESS_CONTACTS = NO;
				ENABLE_RESOURCE_ACCESS_LOCATION = NO;
				ENABLE_RESOURCE_ACCESS_PHOTO_LIBRARY = NO;
				FRAMEWORK_SEARCH_PATHS = (
					"$(inherited)",
					"$(FRAMEWORK_SEARCH_PATHS_QUOTED_1)",
					"$(FRAMEWORK_SEARCH_PATHS_QUOTED_FOR_TARGET_1)",
				);
				HEADER_SEARCH_PATHS = "";
				INFOPLIST_FILE = Resources/Info.plist;
				INSTALL_PATH = "$(HOME)/Applications";
				LD_RUNPATH_SEARCH_PATHS = "@executable_path/../Frameworks";
				LIBRARY_SEARCH_PATHS = "$(PROJECT_DIR)/libjpeg-turbo/lib";
				MACOSX_DEPLOYMENT_TARGET = 11.0;
				OTHER_CFLAGS = "";
				OTHER_LDFLAGS = "";
				PRODUCT_BUNDLE_IDENTIFIER = net.sourceforge.chicken;
				PRODUCT_NAME = Chicken;
				PROVISIONING_PROFILE_SPECIFIER = "";
				RUNTIME_EXCEPTION_ALLOW_DYLD_ENVIRONMENT_VARIABLES = NO;
				RUNTIME_EXCEPTION_ALLOW_JIT = NO;
				RUNTIME_EXCEPTION_ALLOW_UNSIGNED_EXECUTABLE_MEMORY = NO;
				RUNTIME_EXCEPTION_DEBUGGING_TOOL = NO;
				RUNTIME_EXCEPTION_DISABLE_EXECUTABLE_PAGE_PROTECTION = NO;
				RUNTIME_EXCEPTION_DISABLE_LIBRARY_VALIDATION = YES;
				SECTORDER_FLAGS = "";
				SKIP_INSTALL = YES;
				WARNING_CFLAGS = (
					"-Wmost",
					"-Wno-four-char-constants",
					"-Wno-unknown-pragmas",
				);
				WRAPPER_EXTENSION = app;
			};
			name = Default;
		};
		E20426EB087531990026AA26 /* Development */ = {
			isa = XCBuildConfiguration;
			buildSettings = {
				ALWAYS_SEARCH_USER_PATHS = NO;
				CLANG_ANALYZER_LOCALIZABILITY_NONLOCALIZED = YES;
				CLANG_ENABLE_MODULES = YES;
				CLANG_ENABLE_OBJC_MODULES = YES;
				CLANG_WARN_BLOCK_CAPTURE_AUTORELEASING = YES;
				CLANG_WARN_BOOL_CONVERSION = YES;
				CLANG_WARN_COMMA = YES;
				CLANG_WARN_CONSTANT_CONVERSION = YES;
				CLANG_WARN_DEPRECATED_OBJC_IMPLEMENTATIONS = YES;
				CLANG_WARN_EMPTY_BODY = YES;
				CLANG_WARN_ENUM_CONVERSION = YES;
				CLANG_WARN_INFINITE_RECURSION = YES;
				CLANG_WARN_INT_CONVERSION = YES;
				CLANG_WARN_NON_LITERAL_NULL_CONVERSION = YES;
				CLANG_WARN_OBJC_IMPLICIT_RETAIN_SELF = YES;
				CLANG_WARN_OBJC_LITERAL_CONVERSION = YES;
				CLANG_WARN_QUOTED_INCLUDE_IN_FRAMEWORK_HEADER = YES;
				CLANG_WARN_RANGE_LOOP_ANALYSIS = YES;
				CLANG_WARN_STRICT_PROTOTYPES = YES;
				CLANG_WARN_SUSPICIOUS_MOVE = YES;
				CLANG_WARN_UNREACHABLE_CODE = YES;
				CLANG_WARN__DUPLICATE_METHOD_MATCH = YES;
				DEAD_CODE_STRIPPING = YES;
				DEVELOPMENT_TEAM = "";
				ENABLE_STRICT_OBJC_MSGSEND = YES;
				ENABLE_TESTABILITY = YES;
				ENABLE_USER_SCRIPT_SANDBOXING = NO;
				GCC_NO_COMMON_BLOCKS = YES;
				GCC_OPTIMIZATION_LEVEL = 0;
				GCC_VERSION = "";
				GCC_WARN_64_TO_32_BIT_CONVERSION = YES;
				GCC_WARN_ABOUT_RETURN_TYPE = YES;
				GCC_WARN_UNDECLARED_SELECTOR = YES;
				GCC_WARN_UNINITIALIZED_AUTOS = YES;
				GCC_WARN_UNUSED_FUNCTION = YES;
				GCC_WARN_UNUSED_VARIABLE = YES;
				MACOSX_DEPLOYMENT_TARGET = 11.0;
				ONLY_ACTIVE_ARCH = NO;
				SDKROOT = macosx;
				STRING_CATALOG_GENERATE_SYMBOLS = YES;
				ZERO_LINK = NO;
				_CHICKEN_VERSION_ = 2026.6;
			};
			name = Development;
		};
		E20426EC087531990026AA26 /* Deployment */ = {
			isa = XCBuildConfiguration;
			buildSettings = {
				ALWAYS_SEARCH_USER_PATHS = NO;
				CLANG_ANALYZER_LOCALIZABILITY_NONLOCALIZED = YES;
				CLANG_ENABLE_MODULES = YES;
				CLANG_ENABLE_OBJC_MODULES = YES;
				CLANG_WARN_BLOCK_CAPTURE_AUTORELEASING = YES;
				CLANG_WARN_BOOL_CONVERSION = YES;
				CLANG_WARN_COMMA = YES;
				CLANG_WARN_CONSTANT_CONVERSION = YES;
				CLANG_WARN_DEPRECATED_OBJC_IMPLEMENTATIONS = YES;
				CLANG_WARN_EMPTY_BODY = YES;
				CLANG_WARN_ENUM_CONVERSION = YES;
				CLANG_WARN_INFINITE_RECURSION = YES;
				CLANG_WARN_INT_CONVERSION = YES;
				CLANG_WARN_NON_LITERAL_NULL_CONVERSION = YES;
				CLANG_WARN_OBJC_IMPLICIT_RETAIN_SELF = YES;
				CLANG_WARN_OBJC_LITERAL_CONVERSION = YES;
				CLANG_WARN_QUOTED_INCLUDE_IN_FRAMEWORK_HEADER = YES;
				CLANG_WARN_RANGE_LOOP_ANALYSIS = YES;
				CLANG_WARN_STRICT_PROTOTYPES = YES;
				CLANG_WARN_SUSPICIOUS_MOVE = YES;
				CLANG_WARN_UNREACHABLE_CODE = YES;
				CLANG_WARN__DUPLICATE_METHOD_MATCH = YES;
				DEAD_CODE_STRIPPING = YES;
				DEVELOPMENT_TEAM = "";
				ENABLE_STRICT_OBJC_MSGSEND = YES;
				ENABLE_USER_SCRIPT_SANDBOXING = NO;
				GCC_NO_COMMON_BLOCKS = YES;
				GCC_VERSION = "";
				GCC_WARN_64_TO_32_BIT_CONVERSION = YES;
				GCC_WARN_ABOUT_RETURN_TYPE = YES;
				GCC_WARN_UNDECLARED_SELECTOR = YES;
				GCC_WARN_UNINITIALIZED_AUTOS = YES;
				GCC_WARN_UNUSED_FUNCTION = YES;
				GCC_WARN_UNUSED_VARIABLE = YES;
				MACOSX_DEPLOYMENT_TARGET = 11.0;
				ONLY_ACTIVE_ARCH = NO;
				SDKROOT = macosx;
				STRING_CATALOG_GENERATE_SYMBOLS = YES;
				_CHICKEN_VERSION_ = 2026.6;
			};
			name = Deployment;
		};
		E20426ED087531990026AA26 /* Default */ = {
			isa = XCBuildConfiguration;
			buildSettings = {
				ALWAYS_SEARCH_USER_PATHS = NO;
				CLANG_ANALYZER_LOCALIZABILITY_NONLOCALIZED = YES;
				CLANG_ENABLE_MODULES = YES;
				CLANG_ENABLE_OBJC_MODULES = YES;
				CLANG_WARN_BLOCK_CAPTURE_AUTORELEASING = YES;
				CLANG_WARN_BOOL_CONVERSION = YES;
				CLANG_WARN_COMMA = YES;
				CLANG_WARN_CONSTANT_CONVERSION = YES;
				CLANG_WARN_DEPRECATED_OBJC_IMPLEMENTATIONS = YES;
				CLANG_WARN_EMPTY_BODY = YES;
				CLANG_WARN_ENUM_CONVERSION = YES;
				CLANG_WARN_INFINITE_RECURSION = YES;
				CLANG_WARN_INT_CONVERSION = YES;
				CLANG_WARN_NON_LITERAL_NULL_CONVERSION = YES;
				CLANG_WARN_OBJC_IMPLICIT_RETAIN_SELF = YES;
				CLANG_WARN_OBJC_LITERAL_CONVERSION = YES;
				CLANG_WARN_QUOTED_INCLUDE_IN_FRAMEWORK_HEADER = YES;
				CLANG_WARN_RANGE_LOOP_ANALYSIS = YES;
				CLANG_WARN_STRICT_PROTOTYPES = YES;
				CLANG_WARN_SUSPICIOUS_MOVE = YES;
				CLANG_WARN_UNREACHABLE_CODE = YES;
				CLANG_WARN__DUPLICATE_METHOD_MATCH = YES;
				DEAD_CODE_STRIPPING = YES;
				DEVELOPMENT_TEAM = "";
				ENABLE_STRICT_OBJC_MSGSEND = YES;
				ENABLE_USER_SCRIPT_SANDBOXING = NO;
				GCC_NO_COMMON_BLOCKS = YES;
				GCC_OPTIMIZATION_LEVEL = 0;
				GCC_VERSION = "";
				GCC_WARN_64_TO_32_BIT_CONVERSION = YES;
				GCC_WARN_ABOUT_RETURN_TYPE = YES;
				GCC_WARN_UNDECLARED_SELECTOR = YES;
				GCC_WARN_UNINITIALIZED_AUTOS = YES;
				GCC_WARN_UNUSED_FUNCTION = YES;
				GCC_WARN_UNUSED_VARIABLE = YES;
				MACOSX_DEPLOYMENT_TARGET = 11.0;
				ONLY_ACTIVE_ARCH = NO;
				SDKROOT = macosx;
				STRING_CATALOG_GENERATE_SYMBOLS = YES;
				_CHICKEN_VERSION_ = 2026.6;
			};
			name = Default;
		};
		E21DEC9C097EC77E00F015DE /* Universal Fast Development */ = {
			isa = XCBuildConfiguration;
			buildSettings = {
				AUTOMATION_APPLE_EVENTS = NO;
				CLANG_ENABLE_MODULES = YES;
				CLANG_ENABLE_OBJC_MODULES = YES;
				CLANG_ENABLE_OBJC_WEAK = YES;
				CODE_SIGN_IDENTITY = "-";
				"CODE_SIGN_IDENTITY[sdk=macosx*]" = "Apple Development";
				CODE_SIGN_STYLE = Automatic;
				COPY_PHASE_STRIP = NO;
				DEAD_CODE_STRIPPING = YES;
				DEPLOYMENT_LOCATION = YES;
				DEVELOPMENT_TEAM = 4X5WA3953A;
				ENABLE_HARDENED_RUNTIME = YES;
				ENABLE_RESOURCE_ACCESS_AUDIO_INPUT = NO;
				ENABLE_RESOURCE_ACCESS_CALENDARS = NO;
				ENABLE_RESOURCE_ACCESS_CAMERA = NO;
				ENABLE_RESOURCE_ACCESS_CONTACTS = NO;
				ENABLE_RESOURCE_ACCESS_LOCATION = NO;
				ENABLE_RESOURCE_ACCESS_PHOTO_LIBRARY = NO;
				FRAMEWORK_SEARCH_PATHS = (
					"$(inherited)",
					"$(FRAMEWORK_SEARCH_PATHS_QUOTED_1)",
					"$(FRAMEWORK_SEARCH_PATHS_QUOTED_FOR_TARGET_1)",
				);
				HEADER_SEARCH_PATHS = "";
				INFOPLIST_FILE = Resources/Info.plist;
				INSTALL_PATH = "$(HOME)/Applications";
				LD_RUNPATH_SEARCH_PATHS = "@executable_path/../Frameworks";
				LIBRARY_SEARCH_PATHS = "$(PROJECT_DIR)/libjpeg-turbo/lib";
				MACOSX_DEPLOYMENT_TARGET = 11.0;
				OTHER_CFLAGS = "";
				OTHER_LDFLAGS = "";
				PRODUCT_BUNDLE_IDENTIFIER = net.sourceforge.chicken;
				PRODUCT_NAME = Chicken;
				PROVISIONING_PROFILE_SPECIFIER = "";
				RUNTIME_EXCEPTION_ALLOW_DYLD_ENVIRONMENT_VARIABLES = NO;
				RUNTIME_EXCEPTION_ALLOW_JIT = NO;
				RUNTIME_EXCEPTION_ALLOW_UNSIGNED_EXECUTABLE_MEMORY = NO;
				RUNTIME_EXCEPTION_DEBUGGING_TOOL = NO;
				RUNTIME_EXCEPTION_DISABLE_EXECUTABLE_PAGE_PROTECTION = NO;
				RUNTIME_EXCEPTION_DISABLE_LIBRARY_VALIDATION = YES;
				SECTORDER_FLAGS = "";
				SKIP_INSTALL = YES;
				WARNING_CFLAGS = (
					"-Wmost",
					"-Wno-four-char-constants",
					"-Wno-unknown-pragmas",
				);
				WRAPPER_EXTENSION = app;
			};
			name = "Universal Fast Development";
		};
		E21DEC9D097EC77E00F015DE /* Universal Fast Development */ = {
			isa = XCBuildConfiguration;
			buildSettings = {
				ALWAYS_SEARCH_USER_PATHS = NO;
				CLANG_ANALYZER_LOCALIZABILITY_NONLOCALIZED = YES;
				CLANG_ENABLE_MODULES = YES;
				CLANG_ENABLE_OBJC_MODULES = YES;
				CLANG_WARN_BLOCK_CAPTURE_AUTORELEASING = YES;
				CLANG_WARN_BOOL_CONVERSION = YES;
				CLANG_WARN_COMMA = YES;
				CLANG_WARN_CONSTANT_CONVERSION = YES;
				CLANG_WARN_DEPRECATED_OBJC_IMPLEMENTATIONS = YES;
				CLANG_WARN_EMPTY_BODY = YES;
				CLANG_WARN_ENUM_CONVERSION = YES;
				CLANG_WARN_INFINITE_RECURSION = YES;
				CLANG_WARN_INT_CONVERSION = YES;
				CLANG_WARN_NON_LITERAL_NULL_CONVERSION = YES;
				CLANG_WARN_OBJC_IMPLICIT_RETAIN_SELF = YES;
				CLANG_WARN_OBJC_LITERAL_CONVERSION = YES;
				CLANG_WARN_QUOTED_INCLUDE_IN_FRAMEWORK_HEADER = YES;
				CLANG_WARN_RANGE_LOOP_ANALYSIS = YES;
				CLANG_WARN_STRICT_PROTOTYPES = YES;
				CLANG_WARN_SUSPICIOUS_MOVE = YES;
				CLANG_WARN_UNREACHABLE_CODE = YES;
				CLANG_WARN__DUPLICATE_METHOD_MATCH = YES;
				DEAD_CODE_STRIPPING = YES;
				DEVELOPMENT_TEAM = "";
				ENABLE_STRICT_OBJC_MSGSEND = YES;
				ENABLE_TESTABILITY = YES;
				ENABLE_USER_SCRIPT_SANDBOXING = NO;
				GCC_NO_COMMON_BLOCKS = YES;
				GCC_VERSION = "";
				GCC_WARN_64_TO_32_BIT_CONVERSION = YES;
				GCC_WARN_ABOUT_RETURN_TYPE = YES;
				GCC_WARN_UNDECLARED_SELECTOR = YES;
				GCC_WARN_UNINITIALIZED_AUTOS = YES;
				GCC_WARN_UNUSED_FUNCTION = YES;
				GCC_WARN_UNUSED_VARIABLE = YES;
				MACOSX_DEPLOYMENT_TARGET = 11.0;
				ONLY_ACTIVE_ARCH = NO;
				SDKROOT = macosx;
				STRING_CATALOG_GENERATE_SYMBOLS = YES;
				ZERO_LINK = NO;
				_CHICKEN_VERSION_ = 2026.6;
			};
			name = "Universal Fast Development";
		};
/* End XCBuildConfiguration section */

/* Begin XCConfigurationList section */
		E20426E6087531990026AA26 /* Build configuration list for PBXNativeTarget "Chicken" */ = {
			isa = XCConfigurationList;
			buildConfigurations = (
				E20426E7087531990026AA26 /* Development */,
				E21DEC9C097EC77E00F015DE /* Universal Fast Development */,
				E20426E8087531990026AA26 /* Deployment */,
				E20426E9087531990026AA26 /* Default */,
			);
			defaultConfigurationIsVisible = 0;
			defaultConfigurationName = Development;
		};
		E20426EA087531990026AA26 /* Build configuration list for PBXProject "Chicken" */ = {
			isa = XCConfigurationList;
			buildConfigurations = (
				E20426EB087531990026AA26 /* Development */,
				E21DEC9D097EC77E00F015DE /* Universal Fast Development */,
				E20426EC087531990026AA26 /* Deployment */,
				E20426ED087531990026AA26 /* Default */,
			);
			defaultConfigurationIsVisible = 0;
			defaultConfigurationName = Development;
		};
/* End XCConfigurationList section */

/* Begin XCLocalSwiftPackageReference section */
		5E0405A52DA0CFF300C3B312 /* XCLocalSwiftPackageReference "royalvnc" */ = {
			isa = XCLocalSwiftPackageReference;
			relativePath = royalvnc;
		};
/* End XCLocalSwiftPackageReference section */

/* Begin XCSwiftPackageProductDependency section */
		5E0405A62DA0CFF300C3B312 /* RoyalVNCKit */ = {
			isa = XCSwiftPackageProductDependency;
			package = 5E0405A52DA0CFF300C3B312 /* XCLocalSwiftPackageReference "royalvnc" */;
			productName = RoyalVNCKit;
		};
/* End XCSwiftPackageProductDependency section */
	};
	rootObject = 29B97313FDCFA39411CA2CEA /* Project object */;
}
